// !$*UTF8*$!
{
	archiveVersion = 1;
	classes = {
	};
	objectVersion = 46;
	objects = {

/* Begin PBXBuildFile section */
		A6D21B991AC528B8003A582A /* AppDelegate.swift in Sources */ = {isa = PBXBuildFile; fileRef = A6D21B981AC528B8003A582A /* AppDelegate.swift */; };
		A6D21B9C1AC528B8003A582A /* FirstApp.xcdatamodeld in Sources */ = {isa = PBXBuildFile; fileRef = A6D21B9A1AC528B8003A582A /* FirstApp.xcdatamodeld */; };
		A6D21B9E1AC528B8003A582A /* ViewController.swift in Sources */ = {isa = PBXBuildFile; fileRef = A6D21B9D1AC528B8003A582A /* ViewController.swift */; };
		A6D21BA11AC528B8003A582A /* Main.storyboard in Resources */ = {isa = PBXBuildFile; fileRef = A6D21B9F1AC528B8003A582A /* Main.storyboard */; };
		A6D21BA31AC528B8003A582A /* Images.xcassets in Resources */ = {isa = PBXBuildFile; fileRef = A6D21BA21AC528B8003A582A /* Images.xcassets */; };
		A6D21BA61AC528B8003A582A /* LaunchScreen.xib in Resources */ = {isa = PBXBuildFile; fileRef = A6D21BA41AC528B8003A582A /* LaunchScreen.xib */; };
		A6D21BB21AC528B8003A582A /* FirstAppTests.swift in Sources */ = {isa = PBXBuildFile; fileRef = A6D21BB11AC528B8003A582A /* FirstAppTests.swift */; };
/* End PBXBuildFile section */

/* Begin PBXContainerItemProxy section */
		A6D21BAC1AC528B8003A582A /* PBXContainerItemProxy */ = {
			isa = PBXContainerItemProxy;
			containerPortal = A6D21B8B1AC528B8003A582A /* Project object */;
			proxyType = 1;
			remoteGlobalIDString = A6D21B921AC528B8003A582A;
			remoteInfo = FirstApp;
		};
/* End PBXContainerItemProxy section */

/* Begin PBXFileReference section */
		A6D21B931AC528B8003A582A /* FirstApp.app */ = {isa = PBXFileReference; explicitFileType = wrapper.application; includeInIndex = 0; path = FirstApp.app; sourceTree = BUILT_PRODUCTS_DIR; };
		A6D21B971AC528B8003A582A /* Info.plist */ = {isa = PBXFileReference; lastKnownFileType = text.plist.xml; path = Info.plist; sourceTree = "<group>"; };
		A6D21B981AC528B8003A582A /* AppDelegate.swift */ = {isa = PBXFileReference; lastKnownFileType = sourcecode.swift; path = AppDelegate.swift; sourceTree = "<group>"; };
		A6D21B9B1AC528B8003A582A /* FirstApp.xcdatamodel */ = {isa = PBXFileReference; lastKnownFileType = wrapper.xcdatamodel; path = FirstApp.xcdatamodel; sourceTree = "<group>"; };
		A6D21B9D1AC528B8003A582A /* ViewController.swift */ = {isa = PBXFileReference; lastKnownFileType = sourcecode.swift; path = ViewController.swift; sourceTree = "<group>"; };
		A6D21BA01AC528B8003A582A /* Base */ = {isa = PBXFileReference; lastKnownFileType = file.storyboard; name = Base; path = Base.lproj/Main.storyboard; sourceTree = "<group>"; };
		A6D21BA21AC528B8003A582A /* Images.xcassets */ = {isa = PBXFileReference; lastKnownFileType = folder.assetcatalog; path = Images.xcassets; sourceTree = "<group>"; };
		A6D21BA51AC528B8003A582A /* Base */ = {isa = PBXFileReference; lastKnownFileType = file.xib; name = Base; path = Base.lproj/LaunchScreen.xib; sourceTree = "<group>"; };
		A6D21BAB1AC528B8003A582A /* FirstAppTests.xctest */ = {isa = PBXFileReference; explicitFileType = wrapper.cfbundle; includeInIndex = 0; path = FirstAppTests.xctest; sourceTree = BUILT_PRODUCTS_DIR; };
		A6D21BB01AC528B8003A582A /* Info.plist */ = {isa = PBXFileReference; lastKnownFileType = text.plist.xml; path = Info.plist; sourceTree = "<group>"; };
		A6D21BB11AC528B8003A582A /* FirstAppTests.swift */ = {isa = PBXFileReference; lastKnownFileType = sourcecode.swift; path = FirstAppTests.swift; sourceTree = "<group>"; };
/* End PBXFileReference section */

/* Begin PBXFrameworksBuildPhase section */
		A6D21B901AC528B8003A582A /* Frameworks */ = {
			isa = PBXFrameworksBuildPhase;
			buildActionMask = 2147483647;
			files = (
			);
			runOnlyForDeploymentPostprocessing = 0;
		};
		A6D21BA81AC528B8003A582A /* Frameworks */ = {
			isa = PBXFrameworksBuildPhase;
			buildActionMask = 2147483647;
			files = (
			);
			runOnlyForDeploymentPostprocessing = 0;
		};
/* End PBXFrameworksBuildPhase section */

/* Begin PBXGroup section */
		A6D21B8A1AC528B8003A582A = {
			isa = PBXGroup;
			children = (
				A6D21B951AC528B8003A582A /* FirstApp */,
				A6D21BAE1AC528B8003A582A /* FirstAppTests */,
				A6D21B941AC528B8003A582A /* Products */,
			);
			sourceTree = "<group>";
		};
		A6D21B941AC528B8003A582A /* Products */ = {
			isa = PBXGroup;
			children = (
				A6D21B931AC528B8003A582A /* FirstApp.app */,
				A6D21BAB1AC528B8003A582A /* FirstAppTests.xctest */,
			);
			name = Products;
			sourceTree = "<group>";
		};
		A6D21B951AC528B8003A582A /* FirstApp */ = {
			isa = PBXGroup;
			children = (
				A6D21B981AC528B8003A582A /* AppDelegate.swift */,
				A6D21B9D1AC528B8003A582A /* ViewController.swift */,
				A6D21B9F1AC528B8003A582A /* Main.storyboard */,
				A6D21BA21AC528B8003A582A /* Images.xcassets */,
				A6D21BA41AC528B8003A582A /* LaunchScreen.xib */,
				A6D21B9A1AC528B8003A582A /* FirstApp.xcdatamodeld */,
				A6D21B961AC528B8003A582A /* Supporting Files */,
			);
			path = FirstApp;
			sourceTree = "<group>";
		};
		A6D21B961AC528B8003A582A /* Supporting Files */ = {
			isa = PBXGroup;
			children = (
				A6D21B971AC528B8003A582A /* Info.plist */,
			);
			name = "Supporting Files";
			sourceTree = "<group>";
		};
		A6D21BAE1AC528B8003A582A /* FirstAppTests */ = {
			isa = PBXGroup;
			children = (
				A6D21BB11AC528B8003A582A /* FirstAppTests.swift */,
				A6D21BAF1AC528B8003A582A /* Supporting Files */,
			);
			path = FirstAppTests;
			sourceTree = "<group>";
		};
		A6D21BAF1AC528B8003A582A /* Supporting Files */ = {
			isa = PBXGroup;
			children = (
				A6D21BB01AC528B8003A582A /* Info.plist */,
			);
			name = "Supporting Files";
			sourceTree = "<group>";
		};
/* End PBXGroup section */

/* Begin PBXNativeTarget section */
		A6D21B921AC528B8003A582A /* FirstApp */ = {
			isa = PBXNativeTarget;
			buildConfigurationList = A6D21BB51AC528B8003A582A /* Build configuration list for PBXNativeTarget "FirstApp" */;
			buildPhases = (
				A6D21B8F1AC528B8003A582A /* Sources */,
				A6D21B901AC528B8003A582A /* Frameworks */,
				A6D21B911AC528B8003A582A /* Resources */,
			);
			buildRules = (
			);
			dependencies = (
			);
			name = FirstApp;
			productName = FirstApp;
			productReference = A6D21B931AC528B8003A582A /* FirstApp.app */;
			productType = "com.apple.product-type.application";
		};
		A6D21BAA1AC528B8003A582A /* FirstAppTests */ = {
			isa = PBXNativeTarget;
			buildConfigurationList = A6D21BB81AC528B8003A582A /* Build configuration list for PBXNativeTarget "FirstAppTests" */;
			buildPhases = (
				A6D21BA71AC528B8003A582A /* Sources */,
				A6D21BA81AC528B8003A582A /* Frameworks */,
				A6D21BA91AC528B8003A582A /* Resources */,
			);
			buildRules = (
			);
			dependencies = (
				A6D21BAD1AC528B8003A582A /* PBXTargetDependency */,
			);
			name = FirstAppTests;
			productName = FirstAppTests;
			productReference = A6D21BAB1AC528B8003A582A /* FirstAppTests.xctest */;
			productType = "com.apple.product-type.bundle.unit-test";
		};
/* End PBXNativeTarget section */

/* Begin PBXProject section */
		A6D21B8B1AC528B8003A582A /* Project object */ = {
			isa = PBXProject;
			attributes = {
				LastUpgradeCheck = 0610;
				ORGANIZATIONNAME = MakotoTanaka;
				TargetAttributes = {
					A6D21B921AC528B8003A582A = {
						CreatedOnToolsVersion = 6.1.1;
						DevelopmentTeam = 6R77V383W6;
					};
					A6D21BAA1AC528B8003A582A = {
						CreatedOnToolsVersion = 6.1.1;
						TestTargetID = A6D21B921AC528B8003A582A;
					};
				};
			};
			buildConfigurationList = A6D21B8E1AC528B8003A582A /* Build configuration list for PBXProject "FirstApp" */;
			compatibilityVersion = "Xcode 3.2";
			developmentRegion = English;
			hasScannedForEncodings = 0;
			knownRegions = (
				en,
				Base,
			);
			mainGroup = A6D21B8A1AC528B8003A582A;
			productRefGroup = A6D21B941AC528B8003A582A /* Products */;
			projectDirPath = "";
			projectRoot = "";
			targets = (
				A6D21B921AC528B8003A582A /* FirstApp */,
				A6D21BAA1AC528B8003A582A /* FirstAppTests */,
			);
		};
/* End PBXProject section */

/* Begin PBXResourcesBuildPhase section */
		A6D21B911AC528B8003A582A /* Resources */ = {
			isa = PBXResourcesBuildPhase;
			buildActionMask = 2147483647;
			files = (
				A6D21BA11AC528B8003A582A /* Main.storyboard in Resources */,
				A6D21BA61AC528B8003A582A /* LaunchScreen.xib in Resources */,
				A6D21BA31AC528B8003A582A /* Images.xcassets in Resources */,
			);
			runOnlyForDeploymentPostprocessing = 0;
		};
		A6D21BA91AC528B8003A582A /* Resources */ = {
			isa = PBXResourcesBuildPhase;
			buildActionMask = 2147483647;
			files = (
			);
			runOnlyForDeploymentPostprocessing = 0;
		};
/* End PBXResourcesBuildPhase section */

/* Begin PBXSourcesBuildPhase section */
		A6D21B8F1AC528B8003A582A /* Sources */ = {
			isa = PBXSourcesBuildPhase;
			buildActionMask = 2147483647;
			files = (
				A6D21B9E1AC528B8003A582A /* ViewController.swift in Sources */,
				A6D21B9C1AC528B8003A582A /* FirstApp.xcdatamodeld in Sources */,
				A6D21B991AC528B8003A582A /* AppDelegate.swift in Sources */,
			);
			runOnlyForDeploymentPostprocessing = 0;
		};
		A6D21BA71AC528B8003A582A /* Sources */ = {
			isa = PBXSourcesBuildPhase;
			buildActionMask = 2147483647;
			files = (
				A6D21BB21AC528B8003A582A /* FirstAppTests.swift in Sources */,
			);
			runOnlyForDeploymentPostprocessing = 0;
		};
/* End PBXSourcesBuildPhase section */

/* Begin PBXTargetDependency section */
		A6D21BAD1AC528B8003A582A /* PBXTargetDependency */ = {
			isa = PBXTargetDependency;
			target = A6D21B921AC528B8003A582A /* FirstApp */;
			targetProxy = A6D21BAC1AC528B8003A582A /* PBXContainerItemProxy */;
		};
/* End PBXTargetDependency section */

/* Begin PBXVariantGroup section */
		A6D21B9F1AC528B8003A582A /* Main.storyboard */ = {
			isa = PBXVariantGroup;
			children = (
				A6D21BA01AC528B8003A582A /* Base */,
			);
			name = Main.storyboard;
			sourceTree = "<group>";
		};
		A6D21BA41AC528B8003A582A /* LaunchScreen.xib */ = {
			isa = PBXVariantGroup;
			children = (
				A6D21BA51AC528B8003A582A /* Base */,
			);
			name = LaunchScreen.xib;
			sourceTree = "<group>";
		};
/* End PBXVariantGroup section */

/* Begin XCBuildConfiguration section */
		A6D21BB31AC528B8003A582A /* Debug */ = {
			isa = XCBuildConfiguration;
			buildSettings = {
				ALWAYS_SEARCH_USER_PATHS = NO;
				CLANG_CXX_LANGUAGE_STANDARD = "gnu++0x";
				CLANG_CXX_LIBRARY = "libc++";
				CLANG_ENABLE_MODULES = YES;
				CLANG_ENABLE_OBJC_ARC = YES;
				CLANG_WARN_BOOL_CONVERSION = YES;
				CLANG_WARN_CONSTANT_CONVERSION = YES;
				CLANG_WARN_DIRECT_OBJC_ISA_USAGE = YES_ERROR;
				CLANG_WARN_EMPTY_BODY = YES;
				CLANG_WARN_ENUM_CONVERSION = YES;
				CLANG_WARN_INT_CONVERSION = YES;
				CLANG_WARN_OBJC_ROOT_CLASS = YES_ERROR;
				CLANG_WARN_UNREACHABLE_CODE = YES;
				CLANG_WARN__DUPLICATE_METHOD_MATCH = YES;
				"CODE_SIGN_IDENTITY[sdk=iphoneos*]" = "iPhone Developer";
				COPY_PHASE_STRIP = NO;
				ENABLE_STRICT_OBJC_MSGSEND = YES;
				GCC_C_LANGUAGE_STANDARD = gnu99;
				GCC_DYNAMIC_NO_PIC = NO;
				GCC_OPTIMIZATION_LEVEL = 0;
				GCC_PREPROCESSOR_DEFINITIONS = (
					"DEBUG=1",
					"$(inherited)",
				);
				GCC_SYMBOLS_PRIVATE_EXTERN = NO;
				GCC_WARN_64_TO_32_BIT_CONVERSION = YES;
				GCC_WARN_ABOUT_RETURN_TYPE = YES_ERROR;
				GCC_WARN_UNDECLARED_SELECTOR = YES;
				GCC_WARN_UNINITIALIZED_AUTOS = YES_AGGRESSIVE;
				GCC_WARN_UNUSED_FUNCTION = YES;
				GCC_WARN_UNUSED_VARIABLE = YES;
				IPHONEOS_DEPLOYMENT_TARGET = 8.1;
				MTL_ENABLE_DEBUG_INFO = YES;
				ONLY_ACTIVE_ARCH = YES;
				SDKROOT = iphoneos;
				SWIFT_OPTIMIZATION_LEVEL = "-Onone";
				TARGETED_DEVICE_FAMILY = "1,2";
			};
			name = Debug;
		};
		A6D21BB41AC528B8003A582A /* Release */ = {
			isa = XCBuildConfiguration;
			buildSettings = {
				ALWAYS_SEARCH_USER_PATHS = NO;
				CLANG_CXX_LANGUAGE_STANDARD = "gnu++0x";
				CLANG_CXX_LIBRARY = "libc++";
				CLANG_ENABLE_MODULES = YES;
				CLANG_ENABLE_OBJC_ARC = YES;
				CLANG_WARN_BOOL_CONVERSION = YES;
				CLANG_WARN_CONSTANT_CONVERSION = YES;
				CLANG_WARN_DIRECT_OBJC_ISA_USAGE = YES_ERROR;
				CLANG_WARN_EMPTY_BODY = YES;
				CLANG_WARN_ENUM_CONVERSION = YES;
				CLANG_WARN_INT_CONVERSION = YES;
				CLANG_WARN_OBJC_ROOT_CLASS = YES_ERROR;
				CLANG_WARN_UNREACHABLE_CODE = YES;
				CLANG_WARN__DUPLICATE_METHOD_MATCH = YES;
				"CODE_SIGN_IDENTITY[sdk=iphoneos*]" = "iPhone Developer";
				COPY_PHASE_STRIP = YES;
				ENABLE_NS_ASSERTIONS = NO;
				ENABLE_STRICT_OBJC_MSGSEND = YES;
				GCC_C_LANGUAGE_STANDARD = gnu99;
				GCC_WARN_64_TO_32_BIT_CONVERSION = YES;
				GCC_WARN_ABOUT_RETURN_TYPE = YES_ERROR;
				GCC_WARN_UNDECLARED_SELECTOR = YES;
				GCC_WARN_UNINITIALIZED_AUTOS = YES_AGGRESSIVE;
				GCC_WARN_UNUSED_FUNCTION = YES;
				GCC_WARN_UNUSED_VARIABLE = YES;
				IPHONEOS_DEPLOYMENT_TARGET = 8.1;
				MTL_ENABLE_DEBUG_INFO = NO;
				SDKROOT = iphoneos;
				TARGETED_DEVICE_FAMILY = "1,2";
				VALIDATE_PRODUCT = YES;
			};
			name = Release;
		};
		A6D21BB61AC528B8003A582A /* Debug */ = {
			isa = XCBuildConfiguration;
			buildSettings = {
				ASSETCATALOG_COMPILER_APPICON_NAME = AppIcon;
				INFOPLIST_FILE = FirstApp/Info.plist;
				LD_RUNPATH_SEARCH_PATHS = "$(inherited) @executable_path/Frameworks";
				PRODUCT_NAME = "$(TARGET_NAME)";
			};
			name = Debug;
		};
		A6D21BB71AC528B8003A582A /* Release */ = {
			isa = XCBuildConfiguration;
			buildSettings = {
				ASSETCATALOG_COMPILER_APPICON_NAME = AppIcon;
				INFOPLIST_FILE = FirstApp/Info.plist;
				LD_RUNPATH_SEARCH_PATHS = "$(inherited) @executable_path/Frameworks";
				PRODUCT_NAME = "$(TARGET_NAME)";
			};
			name = Release;
		};
		A6D21BB91AC528B8003A582A /* Debug */ = {
			isa = XCBuildConfiguration;
			buildSettings = {
				BUNDLE_LOADER = "$(TEST_HOST)";
				FRAMEWORK_SEARCH_PATHS = (
					"$(SDKROOT)/Developer/Library/Frameworks",
					"$(inherited)",
				);
				GCC_PREPROCESSOR_DEFINITIONS = (
					"DEBUG=1",
					"$(inherited)",
				);
				INFOPLIST_FILE = FirstAppTests/Info.plist;
				LD_RUNPATH_SEARCH_PATHS = "$(inherited) @executable_path/Frameworks @loader_path/Frameworks";
				PRODUCT_NAME = "$(TARGET_NAME)";
				TEST_HOST = "$(BUILT_PRODUCTS_DIR)/FirstApp.app/FirstApp";
			};
			name = Debug;
		};
		A6D21BBA1AC528B8003A582A /* Release */ = {
			isa = XCBuildConfiguration;
			buildSettings = {
				BUNDLE_LOADER = "$(TEST_HOST)";
				FRAMEWORK_SEARCH_PATHS = (
					"$(SDKROOT)/Developer/Library/Frameworks",
					"$(inherited)",
				);
				INFOPLIST_FILE = FirstAppTests/Info.plist;
				LD_RUNPATH_SEARCH_PATHS = "$(inherited) @executable_path/Frameworks @loader_path/Frameworks";
				PRODUCT_NAME = "$(TARGET_NAME)";
				TEST_HOST = "$(BUILT_PRODUCTS_DIR)/FirstApp.app/FirstApp";
			};
			name = Release;
		};
/* End XCBuildConfiguration section */

/* Begin XCConfigurationList section */
		A6D21B8E1AC528B8003A582A /* Build configuration list for PBXProject "FirstApp" */ = {
			isa = XCConfigurationList;
			buildConfigurations = (
				A6D21BB31AC528B8003A582A /* Debug */,
				A6D21BB41AC528B8003A582A /* Release */,
			);
			defaultConfigurationIsVisible = 0;
			defaultConfigurationName = Release;
		};
		A6D21BB51AC528B8003A582A /* Build configuration list for PBXNativeTarget "FirstApp" */ = {
			isa = XCConfigurationList;
			buildConfigurations = (
				A6D21BB61AC528B8003A582A /* Debug */,
				A6D21BB71AC528B8003A582A /* Release */,
			);
			defaultConfigurationIsVisible = 0;
		};
		A6D21BB81AC528B8003A582A /* Build configuration list for PBXNativeTarget "FirstAppTests" */ = {
			isa = XCConfigurationList;
			buildConfigurations = (
				A6D21BB91AC528B8003A582A /* Debug */,
				A6D21BBA1AC528B8003A582A /* Release */,
			);
			defaultConfigurationIsVisible = 0;
		};
/* End XCConfigurationList section */

/* Begin XCVersionGroup section */
		A6D21B9A1AC528B8003A582A /* FirstApp.xcdatamodeld */ = {
			isa = XCVersionGroup;
			children = (
				A6D21B9B1AC528B8003A582A /* FirstApp.xcdatamodel */,
			);
			currentVersion = A6D21B9B1AC528B8003A582A /* FirstApp.xcdatamodel */;
			path = FirstApp.xcdatamodeld;
			sourceTree = "<group>";
			versionGroupType = wrapper.xcdatamodel;
		};
/* End XCVersionGroup section */
	};
	rootObject = A6D21B8B1AC528B8003A582A /* Project object */;
}
