// !$*UTF8*$!
{
	archiveVersion = 1;
	classes = {
	};
	objectVersion = 46;
	objects = {

/* Begin PBXBuildFile section */
		FD4CAC0C1ADDEF820012532C /* AppDelegate.swift in Sources */ = {isa = PBXBuildFile; fileRef = FD4CAC0B1ADDEF820012532C /* AppDelegate.swift */; };
		FD4CAC0F1ADDEF820012532C /* PodSample.xcdatamodeld in Sources */ = {isa = PBXBuildFile; fileRef = FD4CAC0D1ADDEF820012532C /* PodSample.xcdatamodeld */; };
		FD4CAC111ADDEF820012532C /* ViewController.swift in Sources */ = {isa = PBXBuildFile; fileRef = FD4CAC101ADDEF820012532C /* ViewController.swift */; };
		FD4CAC141ADDEF820012532C /* Main.storyboard in Resources */ = {isa = PBXBuildFile; fileRef = FD4CAC121ADDEF820012532C /* Main.storyboard */; };
		FD4CAC161ADDEF820012532C /* Images.xcassets in Resources */ = {isa = PBXBuildFile; fileRef = FD4CAC151ADDEF820012532C /* Images.xcassets */; };
		FD4CAC191ADDEF820012532C /* LaunchScreen.xib in Resources */ = {isa = PBXBuildFile; fileRef = FD4CAC171ADDEF820012532C /* LaunchScreen.xib */; };
		FD4CAC251ADDEF820012532C /* PodSampleTests.swift in Sources */ = {isa = PBXBuildFile; fileRef = FD4CAC241ADDEF820012532C /* PodSampleTests.swift */; };
/* End PBXBuildFile section */

/* Begin PBXContainerItemProxy section */
		FD4CAC1F1ADDEF820012532C /* PBXContainerItemProxy */ = {
			isa = PBXContainerItemProxy;
			containerPortal = FD4CABFE1ADDEF820012532C /* Project object */;
			proxyType = 1;
			remoteGlobalIDString = FD4CAC051ADDEF820012532C;
			remoteInfo = PodSample;
		};
/* End PBXContainerItemProxy section */

/* Begin PBXFileReference section */
		FD4CAC061ADDEF820012532C /* PodSample.app */ = {isa = PBXFileReference; explicitFileType = wrapper.application; includeInIndex = 0; path = PodSample.app; sourceTree = BUILT_PRODUCTS_DIR; };
		FD4CAC0A1ADDEF820012532C /* Info.plist */ = {isa = PBXFileReference; lastKnownFileType = text.plist.xml; path = Info.plist; sourceTree = "<group>"; };
		FD4CAC0B1ADDEF820012532C /* AppDelegate.swift */ = {isa = PBXFileReference; lastKnownFileType = sourcecode.swift; path = AppDelegate.swift; sourceTree = "<group>"; };
		FD4CAC0E1ADDEF820012532C /* PodSample.xcdatamodel */ = {isa = PBXFileReference; lastKnownFileType = wrapper.xcdatamodel; path = PodSample.xcdatamodel; sourceTree = "<group>"; };
		FD4CAC101ADDEF820012532C /* ViewController.swift */ = {isa = PBXFileReference; lastKnownFileType = sourcecode.swift; path = ViewController.swift; sourceTree = "<group>"; };
		FD4CAC131ADDEF820012532C /* Base */ = {isa = PBXFileReference; lastKnownFileType = file.storyboard; name = Base; path = Base.lproj/Main.storyboard; sourceTree = "<group>"; };
		FD4CAC151ADDEF820012532C /* Images.xcassets */ = {isa = PBXFileReference; lastKnownFileType = folder.assetcatalog; path = Images.xcassets; sourceTree = "<group>"; };
		FD4CAC181ADDEF820012532C /* Base */ = {isa = PBXFileReference; lastKnownFileType = file.xib; name = Base; path = Base.lproj/LaunchScreen.xib; sourceTree = "<group>"; };
		FD4CAC1E1ADDEF820012532C /* PodSampleTests.xctest */ = {isa = PBXFileReference; explicitFileType = wrapper.cfbundle; includeInIndex = 0; path = PodSampleTests.xctest; sourceTree = BUILT_PRODUCTS_DIR; };
		FD4CAC231ADDEF820012532C /* Info.plist */ = {isa = PBXFileReference; lastKnownFileType = text.plist.xml; path = Info.plist; sourceTree = "<group>"; };
		FD4CAC241ADDEF820012532C /* PodSampleTests.swift */ = {isa = PBXFileReference; lastKnownFileType = sourcecode.swift; path = PodSampleTests.swift; sourceTree = "<group>"; };
/* End PBXFileReference section */

/* Begin PBXFrameworksBuildPhase section */
		FD4CAC031ADDEF820012532C /* Frameworks */ = {
			isa = PBXFrameworksBuildPhase;
			buildActionMask = 2147483647;
			files = (
			);
			runOnlyForDeploymentPostprocessing = 0;
		};
		FD4CAC1B1ADDEF820012532C /* Frameworks */ = {
			isa = PBXFrameworksBuildPhase;
			buildActionMask = 2147483647;
			files = (
			);
			runOnlyForDeploymentPostprocessing = 0;
		};
/* End PBXFrameworksBuildPhase section */

/* Begin PBXGroup section */
		FD4CABFD1ADDEF820012532C = {
			isa = PBXGroup;
			children = (
				FD4CAC081ADDEF820012532C /* PodSample */,
				FD4CAC211ADDEF820012532C /* PodSampleTests */,
				FD4CAC071ADDEF820012532C /* Products */,
			);
			sourceTree = "<group>";
		};
		FD4CAC071ADDEF820012532C /* Products */ = {
			isa = PBXGroup;
			children = (
				FD4CAC061ADDEF820012532C /* PodSample.app */,
				FD4CAC1E1ADDEF820012532C /* PodSampleTests.xctest */,
			);
			name = Products;
			sourceTree = "<group>";
		};
		FD4CAC081ADDEF820012532C /* PodSample */ = {
			isa = PBXGroup;
			children = (
				FD4CAC0B1ADDEF820012532C /* AppDelegate.swift */,
				FD4CAC101ADDEF820012532C /* ViewController.swift */,
				FD4CAC121ADDEF820012532C /* Main.storyboard */,
				FD4CAC151ADDEF820012532C /* Images.xcassets */,
				FD4CAC171ADDEF820012532C /* LaunchScreen.xib */,
				FD4CAC0D1ADDEF820012532C /* PodSample.xcdatamodeld */,
				FD4CAC091ADDEF820012532C /* Supporting Files */,
			);
			path = PodSample;
			sourceTree = "<group>";
		};
		FD4CAC091ADDEF820012532C /* Supporting Files */ = {
			isa = PBXGroup;
			children = (
				FD4CAC0A1ADDEF820012532C /* Info.plist */,
			);
			name = "Supporting Files";
			sourceTree = "<group>";
		};
		FD4CAC211ADDEF820012532C /* PodSampleTests */ = {
			isa = PBXGroup;
			children = (
				FD4CAC241ADDEF820012532C /* PodSampleTests.swift */,
				FD4CAC221ADDEF820012532C /* Supporting Files */,
			);
			path = PodSampleTests;
			sourceTree = "<group>";
		};
		FD4CAC221ADDEF820012532C /* Supporting Files */ = {
			isa = PBXGroup;
			children = (
				FD4CAC231ADDEF820012532C /* Info.plist */,
			);
			name = "Supporting Files";
			sourceTree = "<group>";
		};
/* End PBXGroup section */

/* Begin PBXNativeTarget section */
		FD4CAC051ADDEF820012532C /* PodSample */ = {
			isa = PBXNativeTarget;
			buildConfigurationList = FD4CAC281ADDEF820012532C /* Build configuration list for PBXNativeTarget "PodSample" */;
			buildPhases = (
				FD4CAC021ADDEF820012532C /* Sources */,
				FD4CAC031ADDEF820012532C /* Frameworks */,
				FD4CAC041ADDEF820012532C /* Resources */,
			);
			buildRules = (
			);
			dependencies = (
			);
			name = PodSample;
			productName = PodSample;
			productReference = FD4CAC061ADDEF820012532C /* PodSample.app */;
			productType = "com.apple.product-type.application";
		};
		FD4CAC1D1ADDEF820012532C /* PodSampleTests */ = {
			isa = PBXNativeTarget;
			buildConfigurationList = FD4CAC2B1ADDEF820012532C /* Build configuration list for PBXNativeTarget "PodSampleTests" */;
			buildPhases = (
				FD4CAC1A1ADDEF820012532C /* Sources */,
				FD4CAC1B1ADDEF820012532C /* Frameworks */,
				FD4CAC1C1ADDEF820012532C /* Resources */,
			);
			buildRules = (
			);
			dependencies = (
				FD4CAC201ADDEF820012532C /* PBXTargetDependency */,
			);
			name = PodSampleTests;
			productName = PodSampleTests;
			productReference = FD4CAC1E1ADDEF820012532C /* PodSampleTests.xctest */;
			productType = "com.apple.product-type.bundle.unit-test";
		};
/* End PBXNativeTarget section */

/* Begin PBXProject section */
		FD4CABFE1ADDEF820012532C /* Project object */ = {
			isa = PBXProject;
			attributes = {
				LastUpgradeCheck = 0620;
				ORGANIZATIONNAME = "Tanaka Makoto";
				TargetAttributes = {
					FD4CAC051ADDEF820012532C = {
						CreatedOnToolsVersion = 6.2;
					};
					FD4CAC1D1ADDEF820012532C = {
						CreatedOnToolsVersion = 6.2;
						TestTargetID = FD4CAC051ADDEF820012532C;
					};
				};
			};
			buildConfigurationList = FD4CAC011ADDEF820012532C /* Build configuration list for PBXProject "PodSample" */;
			compatibilityVersion = "Xcode 3.2";
			developmentRegion = English;
			hasScannedForEncodings = 0;
			knownRegions = (
				en,
				Base,
			);
			mainGroup = FD4CABFD1ADDEF820012532C;
			productRefGroup = FD4CAC071ADDEF820012532C /* Products */;
			projectDirPath = "";
			projectRoot = "";
			targets = (
				FD4CAC051ADDEF820012532C /* PodSample */,
				FD4CAC1D1ADDEF820012532C /* PodSampleTests */,
			);
		};
/* End PBXProject section */

/* Begin PBXResourcesBuildPhase section */
		FD4CAC041ADDEF820012532C /* Resources */ = {
			isa = PBXResourcesBuildPhase;
			buildActionMask = 2147483647;
			files = (
				FD4CAC141ADDEF820012532C /* Main.storyboard in Resources */,
				FD4CAC191ADDEF820012532C /* LaunchScreen.xib in Resources */,
				FD4CAC161ADDEF820012532C /* Images.xcassets in Resources */,
			);
			runOnlyForDeploymentPostprocessing = 0;
		};
		FD4CAC1C1ADDEF820012532C /* Resources */ = {
			isa = PBXResourcesBuildPhase;
			buildActionMask = 2147483647;
			files = (
			);
			runOnlyForDeploymentPostprocessing = 0;
		};
/* End PBXResourcesBuildPhase section */

/* Begin PBXSourcesBuildPhase section */
		FD4CAC021ADDEF820012532C /* Sources */ = {
			isa = PBXSourcesBuildPhase;
			buildActionMask = 2147483647;
			files = (
				FD4CAC111ADDEF820012532C /* ViewController.swift in Sources */,
				FD4CAC0C1ADDEF820012532C /* AppDelegate.swift in Sources */,
				FD4CAC0F1ADDEF820012532C /* PodSample.xcdatamodeld in Sources */,
			);
			runOnlyForDeploymentPostprocessing = 0;
		};
		FD4CAC1A1ADDEF820012532C /* Sources */ = {
			isa = PBXSourcesBuildPhase;
			buildActionMask = 2147483647;
			files = (
				FD4CAC251ADDEF820012532C /* PodSampleTests.swift in Sources */,
			);
			runOnlyForDeploymentPostprocessing = 0;
		};
/* End PBXSourcesBuildPhase section */

/* Begin PBXTargetDependency section */
		FD4CAC201ADDEF820012532C /* PBXTargetDependency */ = {
			isa = PBXTargetDependency;
			target = FD4CAC051ADDEF820012532C /* PodSample */;
			targetProxy = FD4CAC1F1ADDEF820012532C /* PBXContainerItemProxy */;
		};
/* End PBXTargetDependency section */

/* Begin PBXVariantGroup section */
		FD4CAC121ADDEF820012532C /* Main.storyboard */ = {
			isa = PBXVariantGroup;
			children = (
				FD4CAC131ADDEF820012532C /* Base */,
			);
			name = Main.storyboard;
			sourceTree = "<group>";
		};
		FD4CAC171ADDEF820012532C /* LaunchScreen.xib */ = {
			isa = PBXVariantGroup;
			children = (
				FD4CAC181ADDEF820012532C /* Base */,
			);
			name = LaunchScreen.xib;
			sourceTree = "<group>";
		};
/* End PBXVariantGroup section */

/* Begin XCBuildConfiguration section */
		FD4CAC261ADDEF820012532C /* Debug */ = {
			isa = XCBuildConfiguration;
			buildSettings = {
				ALWAYS_SEARCH_USER_PATHS = NO;
				CLANG_CXX_LANGUAGE_STANDARD = "gnu++0x";
				CLANG_CXX_LIBRARY = "libc++";
				CLANG_ENABLE_MODULES = YES;
				CLANG_ENABLE_OBJC_ARC = YES;
				CLANG_WARN_BOOL_CONVERSION = YES;
				CLANG_WARN_CONSTANT_CONVERSION = YES;
				CLANG_WARN_DIRECT_OBJC_ISA_USAGE = YES_ERROR;
				CLANG_WARN_EMPTY_BODY = YES;
				CLANG_WARN_ENUM_CONVERSION = YES;
				CLANG_WARN_INT_CONVERSION = YES;
				CLANG_WARN_OBJC_ROOT_CLASS = YES_ERROR;
				CLANG_WARN_UNREACHABLE_CODE = YES;
				CLANG_WARN__DUPLICATE_METHOD_MATCH = YES;
				"CODE_SIGN_IDENTITY[sdk=iphoneos*]" = "iPhone Developer";
				COPY_PHASE_STRIP = NO;
				ENABLE_STRICT_OBJC_MSGSEND = YES;
				GCC_C_LANGUAGE_STANDARD = gnu99;
				GCC_DYNAMIC_NO_PIC = NO;
				GCC_OPTIMIZATION_LEVEL = 0;
				GCC_PREPROCESSOR_DEFINITIONS = (
					"DEBUG=1",
					"$(inherited)",
				);
				GCC_SYMBOLS_PRIVATE_EXTERN = NO;
				GCC_WARN_64_TO_32_BIT_CONVERSION = YES;
				GCC_WARN_ABOUT_RETURN_TYPE = YES_ERROR;
				GCC_WARN_UNDECLARED_SELECTOR = YES;
				GCC_WARN_UNINITIALIZED_AUTOS = YES_AGGRESSIVE;
				GCC_WARN_UNUSED_FUNCTION = YES;
				GCC_WARN_UNUSED_VARIABLE = YES;
				IPHONEOS_DEPLOYMENT_TARGET = 8.2;
				MTL_ENABLE_DEBUG_INFO = YES;
				ONLY_ACTIVE_ARCH = YES;
				SDKROOT = iphoneos;
				SWIFT_OPTIMIZATION_LEVEL = "-Onone";
				TARGETED_DEVICE_FAMILY = "1,2";
			};
			name = Debug;
		};
		FD4CAC271ADDEF820012532C /* Release */ = {
			isa = XCBuildConfiguration;
			buildSettings = {
				ALWAYS_SEARCH_USER_PATHS = NO;
				CLANG_CXX_LANGUAGE_STANDARD = "gnu++0x";
				CLANG_CXX_LIBRARY = "libc++";
				CLANG_ENABLE_MODULES = YES;
				CLANG_ENABLE_OBJC_ARC = YES;
				CLANG_WARN_BOOL_CONVERSION = YES;
				CLANG_WARN_CONSTANT_CONVERSION = YES;
				CLANG_WARN_DIRECT_OBJC_ISA_USAGE = YES_ERROR;
				CLANG_WARN_EMPTY_BODY = YES;
				CLANG_WARN_ENUM_CONVERSION = YES;
				CLANG_WARN_INT_CONVERSION = YES;
				CLANG_WARN_OBJC_ROOT_CLASS = YES_ERROR;
				CLANG_WARN_UNREACHABLE_CODE = YES;
				CLANG_WARN__DUPLICATE_METHOD_MATCH = YES;
				"CODE_SIGN_IDENTITY[sdk=iphoneos*]" = "iPhone Developer";
				COPY_PHASE_STRIP = NO;
				ENABLE_NS_ASSERTIONS = NO;
				ENABLE_STRICT_OBJC_MSGSEND = YES;
				GCC_C_LANGUAGE_STANDARD = gnu99;
				GCC_WARN_64_TO_32_BIT_CONVERSION = YES;
				GCC_WARN_ABOUT_RETURN_TYPE = YES_ERROR;
				GCC_WARN_UNDECLARED_SELECTOR = YES;
				GCC_WARN_UNINITIALIZED_AUTOS = YES_AGGRESSIVE;
				GCC_WARN_UNUSED_FUNCTION = YES;
				GCC_WARN_UNUSED_VARIABLE = YES;
				IPHONEOS_DEPLOYMENT_TARGET = 8.2;
				MTL_ENABLE_DEBUG_INFO = NO;
				SDKROOT = iphoneos;
				TARGETED_DEVICE_FAMILY = "1,2";
				VALIDATE_PRODUCT = YES;
			};
			name = Release;
		};
		FD4CAC291ADDEF820012532C /* Debug */ = {
			isa = XCBuildConfiguration;
			buildSettings = {
				ASSETCATALOG_COMPILER_APPICON_NAME = AppIcon;
				INFOPLIST_FILE = PodSample/Info.plist;
				LD_RUNPATH_SEARCH_PATHS = "$(inherited) @executable_path/Frameworks";
				PRODUCT_NAME = "$(TARGET_NAME)";
			};
			name = Debug;
		};
		FD4CAC2A1ADDEF820012532C /* Release */ = {
			isa = XCBuildConfiguration;
			buildSettings = {
				ASSETCATALOG_COMPILER_APPICON_NAME = AppIcon;
				INFOPLIST_FILE = PodSample/Info.plist;
				LD_RUNPATH_SEARCH_PATHS = "$(inherited) @executable_path/Frameworks";
				PRODUCT_NAME = "$(TARGET_NAME)";
			};
			name = Release;
		};
		FD4CAC2C1ADDEF820012532C /* Debug */ = {
			isa = XCBuildConfiguration;
			buildSettings = {
				BUNDLE_LOADER = "$(TEST_HOST)";
				FRAMEWORK_SEARCH_PATHS = (
					"$(SDKROOT)/Developer/Library/Frameworks",
					"$(inherited)",
				);
				GCC_PREPROCESSOR_DEFINITIONS = (
					"DEBUG=1",
					"$(inherited)",
				);
				INFOPLIST_FILE = PodSampleTests/Info.plist;
				LD_RUNPATH_SEARCH_PATHS = "$(inherited) @executable_path/Frameworks @loader_path/Frameworks";
				PRODUCT_NAME = "$(TARGET_NAME)";
				TEST_HOST = "$(BUILT_PRODUCTS_DIR)/PodSample.app/PodSample";
			};
			name = Debug;
		};
		FD4CAC2D1ADDEF820012532C /* Release */ = {
			isa = XCBuildConfiguration;
			buildSettings = {
				BUNDLE_LOADER = "$(TEST_HOST)";
				FRAMEWORK_SEARCH_PATHS = (
					"$(SDKROOT)/Developer/Library/Frameworks",
					"$(inherited)",
				);
				INFOPLIST_FILE = PodSampleTests/Info.plist;
				LD_RUNPATH_SEARCH_PATHS = "$(inherited) @executable_path/Frameworks @loader_path/Frameworks";
				PRODUCT_NAME = "$(TARGET_NAME)";
				TEST_HOST = "$(BUILT_PRODUCTS_DIR)/PodSample.app/PodSample";
			};
			name = Release;
		};
/* End XCBuildConfiguration section */

/* Begin XCConfigurationList section */
		FD4CAC011ADDEF820012532C /* Build configuration list for PBXProject "PodSample" */ = {
			isa = XCConfigurationList;
			buildConfigurations = (
				FD4CAC261ADDEF820012532C /* Debug */,
				FD4CAC271ADDEF820012532C /* Release */,
			);
			defaultConfigurationIsVisible = 0;
			defaultConfigurationName = Release;
		};
		FD4CAC281ADDEF820012532C /* Build configuration list for PBXNativeTarget "PodSample" */ = {
			isa = XCConfigurationList;
			buildConfigurations = (
				FD4CAC291ADDEF820012532C /* Debug */,
				FD4CAC2A1ADDEF820012532C /* Release */,
			);
			defaultConfigurationIsVisible = 0;
		};
		FD4CAC2B1ADDEF820012532C /* Build configuration list for PBXNativeTarget "PodSampleTests" */ = {
			isa = XCConfigurationList;
			buildConfigurations = (
				FD4CAC2C1ADDEF820012532C /* Debug */,
				FD4CAC2D1ADDEF820012532C /* Release */,
			);
			defaultConfigurationIsVisible = 0;
		};
/* End XCConfigurationList section */

/* Begin XCVersionGroup section */
		FD4CAC0D1ADDEF820012532C /* PodSample.xcdatamodeld */ = {
			isa = XCVersionGroup;
			children = (
				FD4CAC0E1ADDEF820012532C /* PodSample.xcdatamodel */,
			);
			currentVersion = FD4CAC0E1ADDEF820012532C /* PodSample.xcdatamodel */;
			path = PodSample.xcdatamodeld;
			sourceTree = "<group>";
			versionGroupType = wrapper.xcdatamodel;
		};
/* End XCVersionGroup section */
	};
	rootObject = FD4CABFE1ADDEF820012532C /* Project object */;
}
