// !$*UTF8*$!
{
	archiveVersion = 1;
	classes = {
	};
	objectVersion = 46;
	objects = {

/* Begin PBXBuildFile section */
		FD6D67E61AD6341D0092F0B5 /* AppDelegate.swift in Sources */ = {isa = PBXBuildFile; fileRef = FD6D67E51AD6341D0092F0B5 /* AppDelegate.swift */; };
		FD6D67E91AD6341D0092F0B5 /* SwiftCoreSample.xcdatamodeld in Sources */ = {isa = PBXBuildFile; fileRef = FD6D67E71AD6341D0092F0B5 /* SwiftCoreSample.xcdatamodeld */; };
		FD6D67EB1AD6341D0092F0B5 /* MasterViewController.swift in Sources */ = {isa = PBXBuildFile; fileRef = FD6D67EA1AD6341D0092F0B5 /* MasterViewController.swift */; };
		FD6D67ED1AD6341D0092F0B5 /* DetailViewController.swift in Sources */ = {isa = PBXBuildFile; fileRef = FD6D67EC1AD6341D0092F0B5 /* DetailViewController.swift */; };
		FD6D67F01AD6341D0092F0B5 /* Main.storyboard in Resources */ = {isa = PBXBuildFile; fileRef = FD6D67EE1AD6341D0092F0B5 /* Main.storyboard */; };
		FD6D67F21AD6341D0092F0B5 /* Images.xcassets in Resources */ = {isa = PBXBuildFile; fileRef = FD6D67F11AD6341D0092F0B5 /* Images.xcassets */; };
		FD6D67F51AD6341D0092F0B5 /* LaunchScreen.xib in Resources */ = {isa = PBXBuildFile; fileRef = FD6D67F31AD6341D0092F0B5 /* LaunchScreen.xib */; };
		FD6D68011AD6341D0092F0B5 /* SwiftCoreSampleTests.swift in Sources */ = {isa = PBXBuildFile; fileRef = FD6D68001AD6341D0092F0B5 /* SwiftCoreSampleTests.swift */; };
/* End PBXBuildFile section */

/* Begin PBXContainerItemProxy section */
		FD6D67FB1AD6341D0092F0B5 /* PBXContainerItemProxy */ = {
			isa = PBXContainerItemProxy;
			containerPortal = FD6D67D81AD6341D0092F0B5 /* Project object */;
			proxyType = 1;
			remoteGlobalIDString = FD6D67DF1AD6341D0092F0B5;
			remoteInfo = SwiftCoreSample;
		};
/* End PBXContainerItemProxy section */

/* Begin PBXFileReference section */
		FD6D67E01AD6341D0092F0B5 /* SwiftCoreSample.app */ = {isa = PBXFileReference; explicitFileType = wrapper.application; includeInIndex = 0; path = SwiftCoreSample.app; sourceTree = BUILT_PRODUCTS_DIR; };
		FD6D67E41AD6341D0092F0B5 /* Info.plist */ = {isa = PBXFileReference; lastKnownFileType = text.plist.xml; path = Info.plist; sourceTree = "<group>"; };
		FD6D67E51AD6341D0092F0B5 /* AppDelegate.swift */ = {isa = PBXFileReference; lastKnownFileType = sourcecode.swift; path = AppDelegate.swift; sourceTree = "<group>"; };
		FD6D67E81AD6341D0092F0B5 /* SwiftCoreSample.xcdatamodel */ = {isa = PBXFileReference; lastKnownFileType = wrapper.xcdatamodel; path = SwiftCoreSample.xcdatamodel; sourceTree = "<group>"; };
		FD6D67EA1AD6341D0092F0B5 /* MasterViewController.swift */ = {isa = PBXFileReference; lastKnownFileType = sourcecode.swift; path = MasterViewController.swift; sourceTree = "<group>"; };
		FD6D67EC1AD6341D0092F0B5 /* DetailViewController.swift */ = {isa = PBXFileReference; lastKnownFileType = sourcecode.swift; path = DetailViewController.swift; sourceTree = "<group>"; };
		FD6D67EF1AD6341D0092F0B5 /* Base */ = {isa = PBXFileReference; lastKnownFileType = file.storyboard; name = Base; path = Base.lproj/Main.storyboard; sourceTree = "<group>"; };
		FD6D67F11AD6341D0092F0B5 /* Images.xcassets */ = {isa = PBXFileReference; lastKnownFileType = folder.assetcatalog; path = Images.xcassets; sourceTree = "<group>"; };
		FD6D67F41AD6341D0092F0B5 /* Base */ = {isa = PBXFileReference; lastKnownFileType = file.xib; name = Base; path = Base.lproj/LaunchScreen.xib; sourceTree = "<group>"; };
		FD6D67FA1AD6341D0092F0B5 /* SwiftCoreSampleTests.xctest */ = {isa = PBXFileReference; explicitFileType = wrapper.cfbundle; includeInIndex = 0; path = SwiftCoreSampleTests.xctest; sourceTree = BUILT_PRODUCTS_DIR; };
		FD6D67FF1AD6341D0092F0B5 /* Info.plist */ = {isa = PBXFileReference; lastKnownFileType = text.plist.xml; path = Info.plist; sourceTree = "<group>"; };
		FD6D68001AD6341D0092F0B5 /* SwiftCoreSampleTests.swift */ = {isa = PBXFileReference; lastKnownFileType = sourcecode.swift; path = SwiftCoreSampleTests.swift; sourceTree = "<group>"; };
/* End PBXFileReference section */

/* Begin PBXFrameworksBuildPhase section */
		FD6D67DD1AD6341D0092F0B5 /* Frameworks */ = {
			isa = PBXFrameworksBuildPhase;
			buildActionMask = 2147483647;
			files = (
			);
			runOnlyForDeploymentPostprocessing = 0;
		};
		FD6D67F71AD6341D0092F0B5 /* Frameworks */ = {
			isa = PBXFrameworksBuildPhase;
			buildActionMask = 2147483647;
			files = (
			);
			runOnlyForDeploymentPostprocessing = 0;
		};
/* End PBXFrameworksBuildPhase section */

/* Begin PBXGroup section */
		FD6D67D71AD6341D0092F0B5 = {
			isa = PBXGroup;
			children = (
				FD6D67E21AD6341D0092F0B5 /* SwiftCoreSample */,
				FD6D67FD1AD6341D0092F0B5 /* SwiftCoreSampleTests */,
				FD6D67E11AD6341D0092F0B5 /* Products */,
			);
			sourceTree = "<group>";
		};
		FD6D67E11AD6341D0092F0B5 /* Products */ = {
			isa = PBXGroup;
			children = (
				FD6D67E01AD6341D0092F0B5 /* SwiftCoreSample.app */,
				FD6D67FA1AD6341D0092F0B5 /* SwiftCoreSampleTests.xctest */,
			);
			name = Products;
			sourceTree = "<group>";
		};
		FD6D67E21AD6341D0092F0B5 /* SwiftCoreSample */ = {
			isa = PBXGroup;
			children = (
				FD6D67E51AD6341D0092F0B5 /* AppDelegate.swift */,
				FD6D67EA1AD6341D0092F0B5 /* MasterViewController.swift */,
				FD6D67EC1AD6341D0092F0B5 /* DetailViewController.swift */,
				FD6D67EE1AD6341D0092F0B5 /* Main.storyboard */,
				FD6D67F11AD6341D0092F0B5 /* Images.xcassets */,
				FD6D67F31AD6341D0092F0B5 /* LaunchScreen.xib */,
				FD6D67E71AD6341D0092F0B5 /* SwiftCoreSample.xcdatamodeld */,
				FD6D67E31AD6341D0092F0B5 /* Supporting Files */,
			);
			path = SwiftCoreSample;
			sourceTree = "<group>";
		};
		FD6D67E31AD6341D0092F0B5 /* Supporting Files */ = {
			isa = PBXGroup;
			children = (
				FD6D67E41AD6341D0092F0B5 /* Info.plist */,
			);
			name = "Supporting Files";
			sourceTree = "<group>";
		};
		FD6D67FD1AD6341D0092F0B5 /* SwiftCoreSampleTests */ = {
			isa = PBXGroup;
			children = (
				FD6D68001AD6341D0092F0B5 /* SwiftCoreSampleTests.swift */,
				FD6D67FE1AD6341D0092F0B5 /* Supporting Files */,
			);
			path = SwiftCoreSampleTests;
			sourceTree = "<group>";
		};
		FD6D67FE1AD6341D0092F0B5 /* Supporting Files */ = {
			isa = PBXGroup;
			children = (
				FD6D67FF1AD6341D0092F0B5 /* Info.plist */,
			);
			name = "Supporting Files";
			sourceTree = "<group>";
		};
/* End PBXGroup section */

/* Begin PBXNativeTarget section */
		FD6D67DF1AD6341D0092F0B5 /* SwiftCoreSample */ = {
			isa = PBXNativeTarget;
			buildConfigurationList = FD6D68041AD6341D0092F0B5 /* Build configuration list for PBXNativeTarget "SwiftCoreSample" */;
			buildPhases = (
				FD6D67DC1AD6341D0092F0B5 /* Sources */,
				FD6D67DD1AD6341D0092F0B5 /* Frameworks */,
				FD6D67DE1AD6341D0092F0B5 /* Resources */,
			);
			buildRules = (
			);
			dependencies = (
			);
			name = SwiftCoreSample;
			productName = SwiftCoreSample;
			productReference = FD6D67E01AD6341D0092F0B5 /* SwiftCoreSample.app */;
			productType = "com.apple.product-type.application";
		};
		FD6D67F91AD6341D0092F0B5 /* SwiftCoreSampleTests */ = {
			isa = PBXNativeTarget;
			buildConfigurationList = FD6D68071AD6341D0092F0B5 /* Build configuration list for PBXNativeTarget "SwiftCoreSampleTests" */;
			buildPhases = (
				FD6D67F61AD6341D0092F0B5 /* Sources */,
				FD6D67F71AD6341D0092F0B5 /* Frameworks */,
				FD6D67F81AD6341D0092F0B5 /* Resources */,
			);
			buildRules = (
			);
			dependencies = (
				FD6D67FC1AD6341D0092F0B5 /* PBXTargetDependency */,
			);
			name = SwiftCoreSampleTests;
			productName = SwiftCoreSampleTests;
			productReference = FD6D67FA1AD6341D0092F0B5 /* SwiftCoreSampleTests.xctest */;
			productType = "com.apple.product-type.bundle.unit-test";
		};
/* End PBXNativeTarget section */

/* Begin PBXProject section */
		FD6D67D81AD6341D0092F0B5 /* Project object */ = {
			isa = PBXProject;
			attributes = {
				LastUpgradeCheck = 0620;
				ORGANIZATIONNAME = "Tanaka Makoto";
				TargetAttributes = {
					FD6D67DF1AD6341D0092F0B5 = {
						CreatedOnToolsVersion = 6.2;
					};
					FD6D67F91AD6341D0092F0B5 = {
						CreatedOnToolsVersion = 6.2;
						TestTargetID = FD6D67DF1AD6341D0092F0B5;
					};
				};
			};
			buildConfigurationList = FD6D67DB1AD6341D0092F0B5 /* Build configuration list for PBXProject "SwiftCoreSample" */;
			compatibilityVersion = "Xcode 3.2";
			developmentRegion = English;
			hasScannedForEncodings = 0;
			knownRegions = (
				en,
				Base,
			);
			mainGroup = FD6D67D71AD6341D0092F0B5;
			productRefGroup = FD6D67E11AD6341D0092F0B5 /* Products */;
			projectDirPath = "";
			projectRoot = "";
			targets = (
				FD6D67DF1AD6341D0092F0B5 /* SwiftCoreSample */,
				FD6D67F91AD6341D0092F0B5 /* SwiftCoreSampleTests */,
			);
		};
/* End PBXProject section */

/* Begin PBXResourcesBuildPhase section */
		FD6D67DE1AD6341D0092F0B5 /* Resources */ = {
			isa = PBXResourcesBuildPhase;
			buildActionMask = 2147483647;
			files = (
				FD6D67F01AD6341D0092F0B5 /* Main.storyboard in Resources */,
				FD6D67F51AD6341D0092F0B5 /* LaunchScreen.xib in Resources */,
				FD6D67F21AD6341D0092F0B5 /* Images.xcassets in Resources */,
			);
			runOnlyForDeploymentPostprocessing = 0;
		};
		FD6D67F81AD6341D0092F0B5 /* Resources */ = {
			isa = PBXResourcesBuildPhase;
			buildActionMask = 2147483647;
			files = (
			);
			runOnlyForDeploymentPostprocessing = 0;
		};
/* End PBXResourcesBuildPhase section */

/* Begin PBXSourcesBuildPhase section */
		FD6D67DC1AD6341D0092F0B5 /* Sources */ = {
			isa = PBXSourcesBuildPhase;
			buildActionMask = 2147483647;
			files = (
				FD6D67E91AD6341D0092F0B5 /* SwiftCoreSample.xcdatamodeld in Sources */,
				FD6D67E61AD6341D0092F0B5 /* AppDelegate.swift in Sources */,
				FD6D67EB1AD6341D0092F0B5 /* MasterViewController.swift in Sources */,
				FD6D67ED1AD6341D0092F0B5 /* DetailViewController.swift in Sources */,
			);
			runOnlyForDeploymentPostprocessing = 0;
		};
		FD6D67F61AD6341D0092F0B5 /* Sources */ = {
			isa = PBXSourcesBuildPhase;
			buildActionMask = 2147483647;
			files = (
				FD6D68011AD6341D0092F0B5 /* SwiftCoreSampleTests.swift in Sources */,
			);
			runOnlyForDeploymentPostprocessing = 0;
		};
/* End PBXSourcesBuildPhase section */

/* Begin PBXTargetDependency section */
		FD6D67FC1AD6341D0092F0B5 /* PBXTargetDependency */ = {
			isa = PBXTargetDependency;
			target = FD6D67DF1AD6341D0092F0B5 /* SwiftCoreSample */;
			targetProxy = FD6D67FB1AD6341D0092F0B5 /* PBXContainerItemProxy */;
		};
/* End PBXTargetDependency section */

/* Begin PBXVariantGroup section */
		FD6D67EE1AD6341D0092F0B5 /* Main.storyboard */ = {
			isa = PBXVariantGroup;
			children = (
				FD6D67EF1AD6341D0092F0B5 /* Base */,
			);
			name = Main.storyboard;
			sourceTree = "<group>";
		};
		FD6D67F31AD6341D0092F0B5 /* LaunchScreen.xib */ = {
			isa = PBXVariantGroup;
			children = (
				FD6D67F41AD6341D0092F0B5 /* Base */,
			);
			name = LaunchScreen.xib;
			sourceTree = "<group>";
		};
/* End PBXVariantGroup section */

/* Begin XCBuildConfiguration section */
		FD6D68021AD6341D0092F0B5 /* Debug */ = {
			isa = XCBuildConfiguration;
			buildSettings = {
				ALWAYS_SEARCH_USER_PATHS = NO;
				CLANG_CXX_LANGUAGE_STANDARD = "gnu++0x";
				CLANG_CXX_LIBRARY = "libc++";
				CLANG_ENABLE_MODULES = YES;
				CLANG_ENABLE_OBJC_ARC = YES;
				CLANG_WARN_BOOL_CONVERSION = YES;
				CLANG_WARN_CONSTANT_CONVERSION = YES;
				CLANG_WARN_DIRECT_OBJC_ISA_USAGE = YES_ERROR;
				CLANG_WARN_EMPTY_BODY = YES;
				CLANG_WARN_ENUM_CONVERSION = YES;
				CLANG_WARN_INT_CONVERSION = YES;
				CLANG_WARN_OBJC_ROOT_CLASS = YES_ERROR;
				CLANG_WARN_UNREACHABLE_CODE = YES;
				CLANG_WARN__DUPLICATE_METHOD_MATCH = YES;
				"CODE_SIGN_IDENTITY[sdk=iphoneos*]" = "iPhone Developer";
				COPY_PHASE_STRIP = NO;
				ENABLE_STRICT_OBJC_MSGSEND = YES;
				GCC_C_LANGUAGE_STANDARD = gnu99;
				GCC_DYNAMIC_NO_PIC = NO;
				GCC_OPTIMIZATION_LEVEL = 0;
				GCC_PREPROCESSOR_DEFINITIONS = (
					"DEBUG=1",
					"$(inherited)",
				);
				GCC_SYMBOLS_PRIVATE_EXTERN = NO;
				GCC_WARN_64_TO_32_BIT_CONVERSION = YES;
				GCC_WARN_ABOUT_RETURN_TYPE = YES_ERROR;
				GCC_WARN_UNDECLARED_SELECTOR = YES;
				GCC_WARN_UNINITIALIZED_AUTOS = YES_AGGRESSIVE;
				GCC_WARN_UNUSED_FUNCTION = YES;
				GCC_WARN_UNUSED_VARIABLE = YES;
				IPHONEOS_DEPLOYMENT_TARGET = 8.2;
				MTL_ENABLE_DEBUG_INFO = YES;
				ONLY_ACTIVE_ARCH = YES;
				SDKROOT = iphoneos;
				SWIFT_OPTIMIZATION_LEVEL = "-Onone";
				TARGETED_DEVICE_FAMILY = "1,2";
			};
			name = Debug;
		};
		FD6D68031AD6341D0092F0B5 /* Release */ = {
			isa = XCBuildConfiguration;
			buildSettings = {
				ALWAYS_SEARCH_USER_PATHS = NO;
				CLANG_CXX_LANGUAGE_STANDARD = "gnu++0x";
				CLANG_CXX_LIBRARY = "libc++";
				CLANG_ENABLE_MODULES = YES;
				CLANG_ENABLE_OBJC_ARC = YES;
				CLANG_WARN_BOOL_CONVERSION = YES;
				CLANG_WARN_CONSTANT_CONVERSION = YES;
				CLANG_WARN_DIRECT_OBJC_ISA_USAGE = YES_ERROR;
				CLANG_WARN_EMPTY_BODY = YES;
				CLANG_WARN_ENUM_CONVERSION = YES;
				CLANG_WARN_INT_CONVERSION = YES;
				CLANG_WARN_OBJC_ROOT_CLASS = YES_ERROR;
				CLANG_WARN_UNREACHABLE_CODE = YES;
				CLANG_WARN__DUPLICATE_METHOD_MATCH = YES;
				"CODE_SIGN_IDENTITY[sdk=iphoneos*]" = "iPhone Developer";
				COPY_PHASE_STRIP = NO;
				ENABLE_NS_ASSERTIONS = NO;
				ENABLE_STRICT_OBJC_MSGSEND = YES;
				GCC_C_LANGUAGE_STANDARD = gnu99;
				GCC_WARN_64_TO_32_BIT_CONVERSION = YES;
				GCC_WARN_ABOUT_RETURN_TYPE = YES_ERROR;
				GCC_WARN_UNDECLARED_SELECTOR = YES;
				GCC_WARN_UNINITIALIZED_AUTOS = YES_AGGRESSIVE;
				GCC_WARN_UNUSED_FUNCTION = YES;
				GCC_WARN_UNUSED_VARIABLE = YES;
				IPHONEOS_DEPLOYMENT_TARGET = 8.2;
				MTL_ENABLE_DEBUG_INFO = NO;
				SDKROOT = iphoneos;
				TARGETED_DEVICE_FAMILY = "1,2";
				VALIDATE_PRODUCT = YES;
			};
			name = Release;
		};
		FD6D68051AD6341D0092F0B5 /* Debug */ = {
			isa = XCBuildConfiguration;
			buildSettings = {
				ASSETCATALOG_COMPILER_APPICON_NAME = AppIcon;
				INFOPLIST_FILE = SwiftCoreSample/Info.plist;
				LD_RUNPATH_SEARCH_PATHS = "$(inherited) @executable_path/Frameworks";
				PRODUCT_NAME = "$(TARGET_NAME)";
			};
			name = Debug;
		};
		FD6D68061AD6341D0092F0B5 /* Release */ = {
			isa = XCBuildConfiguration;
			buildSettings = {
				ASSETCATALOG_COMPILER_APPICON_NAME = AppIcon;
				INFOPLIST_FILE = SwiftCoreSample/Info.plist;
				LD_RUNPATH_SEARCH_PATHS = "$(inherited) @executable_path/Frameworks";
				PRODUCT_NAME = "$(TARGET_NAME)";
			};
			name = Release;
		};
		FD6D68081AD6341D0092F0B5 /* Debug */ = {
			isa = XCBuildConfiguration;
			buildSettings = {
				BUNDLE_LOADER = "$(TEST_HOST)";
				FRAMEWORK_SEARCH_PATHS = (
					"$(SDKROOT)/Developer/Library/Frameworks",
					"$(inherited)",
				);
				GCC_PREPROCESSOR_DEFINITIONS = (
					"DEBUG=1",
					"$(inherited)",
				);
				INFOPLIST_FILE = SwiftCoreSampleTests/Info.plist;
				LD_RUNPATH_SEARCH_PATHS = "$(inherited) @executable_path/Frameworks @loader_path/Frameworks";
				PRODUCT_NAME = "$(TARGET_NAME)";
				TEST_HOST = "$(BUILT_PRODUCTS_DIR)/SwiftCoreSample.app/SwiftCoreSample";
			};
			name = Debug;
		};
		FD6D68091AD6341D0092F0B5 /* Release */ = {
			isa = XCBuildConfiguration;
			buildSettings = {
				BUNDLE_LOADER = "$(TEST_HOST)";
				FRAMEWORK_SEARCH_PATHS = (
					"$(SDKROOT)/Developer/Library/Frameworks",
					"$(inherited)",
				);
				INFOPLIST_FILE = SwiftCoreSampleTests/Info.plist;
				LD_RUNPATH_SEARCH_PATHS = "$(inherited) @executable_path/Frameworks @loader_path/Frameworks";
				PRODUCT_NAME = "$(TARGET_NAME)";
				TEST_HOST = "$(BUILT_PRODUCTS_DIR)/SwiftCoreSample.app/SwiftCoreSample";
			};
			name = Release;
		};
/* End XCBuildConfiguration section */

/* Begin XCConfigurationList section */
		FD6D67DB1AD6341D0092F0B5 /* Build configuration list for PBXProject "SwiftCoreSample" */ = {
			isa = XCConfigurationList;
			buildConfigurations = (
				FD6D68021AD6341D0092F0B5 /* Debug */,
				FD6D68031AD6341D0092F0B5 /* Release */,
			);
			defaultConfigurationIsVisible = 0;
			defaultConfigurationName = Release;
		};
		FD6D68041AD6341D0092F0B5 /* Build configuration list for PBXNativeTarget "SwiftCoreSample" */ = {
			isa = XCConfigurationList;
			buildConfigurations = (
				FD6D68051AD6341D0092F0B5 /* Debug */,
				FD6D68061AD6341D0092F0B5 /* Release */,
			);
			defaultConfigurationIsVisible = 0;
		};
		FD6D68071AD6341D0092F0B5 /* Build configuration list for PBXNativeTarget "SwiftCoreSampleTests" */ = {
			isa = XCConfigurationList;
			buildConfigurations = (
				FD6D68081AD6341D0092F0B5 /* Debug */,
				FD6D68091AD6341D0092F0B5 /* Release */,
			);
			defaultConfigurationIsVisible = 0;
		};
/* End XCConfigurationList section */

/* Begin XCVersionGroup section */
		FD6D67E71AD6341D0092F0B5 /* SwiftCoreSample.xcdatamodeld */ = {
			isa = XCVersionGroup;
			children = (
				FD6D67E81AD6341D0092F0B5 /* SwiftCoreSample.xcdatamodel */,
			);
			currentVersion = FD6D67E81AD6341D0092F0B5 /* SwiftCoreSample.xcdatamodel */;
			path = SwiftCoreSample.xcdatamodeld;
			sourceTree = "<group>";
			versionGroupType = wrapper.xcdatamodel;
		};
/* End XCVersionGroup section */
	};
	rootObject = FD6D67D81AD6341D0092F0B5 /* Project object */;
}
