// !$*UTF8*$!
{
	archiveVersion = 1;
	classes = {
	};
	objectVersion = 46;
	objects = {

/* Begin PBXBuildFile section */
		FD605CDB1ADB3E19002E1580 /* AppDelegate.swift in Sources */ = {isa = PBXBuildFile; fileRef = FD605CDA1ADB3E19002E1580 /* AppDelegate.swift */; };
		FD605CDE1ADB3E19002E1580 /* SwfitCamera.xcdatamodeld in Sources */ = {isa = PBXBuildFile; fileRef = FD605CDC1ADB3E19002E1580 /* SwfitCamera.xcdatamodeld */; };
		FD605CE01ADB3E19002E1580 /* ViewController.swift in Sources */ = {isa = PBXBuildFile; fileRef = FD605CDF1ADB3E19002E1580 /* ViewController.swift */; };
		FD605CE31ADB3E19002E1580 /* Main.storyboard in Resources */ = {isa = PBXBuildFile; fileRef = FD605CE11ADB3E19002E1580 /* Main.storyboard */; };
		FD605CE51ADB3E19002E1580 /* Images.xcassets in Resources */ = {isa = PBXBuildFile; fileRef = FD605CE41ADB3E19002E1580 /* Images.xcassets */; };
		FD605CE81ADB3E19002E1580 /* LaunchScreen.xib in Resources */ = {isa = PBXBuildFile; fileRef = FD605CE61ADB3E19002E1580 /* LaunchScreen.xib */; };
		FD605CF41ADB3E19002E1580 /* SwfitCameraTests.swift in Sources */ = {isa = PBXBuildFile; fileRef = FD605CF31ADB3E19002E1580 /* SwfitCameraTests.swift */; };
/* End PBXBuildFile section */

/* Begin PBXContainerItemProxy section */
		FD605CEE1ADB3E19002E1580 /* PBXContainerItemProxy */ = {
			isa = PBXContainerItemProxy;
			containerPortal = FD605CCD1ADB3E19002E1580 /* Project object */;
			proxyType = 1;
			remoteGlobalIDString = FD605CD41ADB3E19002E1580;
			remoteInfo = SwfitCamera;
		};
/* End PBXContainerItemProxy section */

/* Begin PBXFileReference section */
		FD605CD51ADB3E19002E1580 /* SwfitCamera.app */ = {isa = PBXFileReference; explicitFileType = wrapper.application; includeInIndex = 0; path = SwfitCamera.app; sourceTree = BUILT_PRODUCTS_DIR; };
		FD605CD91ADB3E19002E1580 /* Info.plist */ = {isa = PBXFileReference; lastKnownFileType = text.plist.xml; path = Info.plist; sourceTree = "<group>"; };
		FD605CDA1ADB3E19002E1580 /* AppDelegate.swift */ = {isa = PBXFileReference; lastKnownFileType = sourcecode.swift; path = AppDelegate.swift; sourceTree = "<group>"; };
		FD605CDD1ADB3E19002E1580 /* SwfitCamera.xcdatamodel */ = {isa = PBXFileReference; lastKnownFileType = wrapper.xcdatamodel; path = SwfitCamera.xcdatamodel; sourceTree = "<group>"; };
		FD605CDF1ADB3E19002E1580 /* ViewController.swift */ = {isa = PBXFileReference; lastKnownFileType = sourcecode.swift; path = ViewController.swift; sourceTree = "<group>"; };
		FD605CE21ADB3E19002E1580 /* Base */ = {isa = PBXFileReference; lastKnownFileType = file.storyboard; name = Base; path = Base.lproj/Main.storyboard; sourceTree = "<group>"; };
		FD605CE41ADB3E19002E1580 /* Images.xcassets */ = {isa = PBXFileReference; lastKnownFileType = folder.assetcatalog; path = Images.xcassets; sourceTree = "<group>"; };
		FD605CE71ADB3E19002E1580 /* Base */ = {isa = PBXFileReference; lastKnownFileType = file.xib; name = Base; path = Base.lproj/LaunchScreen.xib; sourceTree = "<group>"; };
		FD605CED1ADB3E19002E1580 /* SwfitCameraTests.xctest */ = {isa = PBXFileReference; explicitFileType = wrapper.cfbundle; includeInIndex = 0; path = SwfitCameraTests.xctest; sourceTree = BUILT_PRODUCTS_DIR; };
		FD605CF21ADB3E19002E1580 /* Info.plist */ = {isa = PBXFileReference; lastKnownFileType = text.plist.xml; path = Info.plist; sourceTree = "<group>"; };
		FD605CF31ADB3E19002E1580 /* SwfitCameraTests.swift */ = {isa = PBXFileReference; lastKnownFileType = sourcecode.swift; path = SwfitCameraTests.swift; sourceTree = "<group>"; };
/* End PBXFileReference section */

/* Begin PBXFrameworksBuildPhase section */
		FD605CD21ADB3E19002E1580 /* Frameworks */ = {
			isa = PBXFrameworksBuildPhase;
			buildActionMask = 2147483647;
			files = (
			);
			runOnlyForDeploymentPostprocessing = 0;
		};
		FD605CEA1ADB3E19002E1580 /* Frameworks */ = {
			isa = PBXFrameworksBuildPhase;
			buildActionMask = 2147483647;
			files = (
			);
			runOnlyForDeploymentPostprocessing = 0;
		};
/* End PBXFrameworksBuildPhase section */

/* Begin PBXGroup section */
		FD605CCC1ADB3E19002E1580 = {
			isa = PBXGroup;
			children = (
				FD605CD71ADB3E19002E1580 /* SwfitCamera */,
				FD605CF01ADB3E19002E1580 /* SwfitCameraTests */,
				FD605CD61ADB3E19002E1580 /* Products */,
			);
			sourceTree = "<group>";
		};
		FD605CD61ADB3E19002E1580 /* Products */ = {
			isa = PBXGroup;
			children = (
				FD605CD51ADB3E19002E1580 /* SwfitCamera.app */,
				FD605CED1ADB3E19002E1580 /* SwfitCameraTests.xctest */,
			);
			name = Products;
			sourceTree = "<group>";
		};
		FD605CD71ADB3E19002E1580 /* SwfitCamera */ = {
			isa = PBXGroup;
			children = (
				FD605CDA1ADB3E19002E1580 /* AppDelegate.swift */,
				FD605CDF1ADB3E19002E1580 /* ViewController.swift */,
				FD605CE11ADB3E19002E1580 /* Main.storyboard */,
				FD605CE41ADB3E19002E1580 /* Images.xcassets */,
				FD605CE61ADB3E19002E1580 /* LaunchScreen.xib */,
				FD605CDC1ADB3E19002E1580 /* SwfitCamera.xcdatamodeld */,
				FD605CD81ADB3E19002E1580 /* Supporting Files */,
			);
			path = SwfitCamera;
			sourceTree = "<group>";
		};
		FD605CD81ADB3E19002E1580 /* Supporting Files */ = {
			isa = PBXGroup;
			children = (
				FD605CD91ADB3E19002E1580 /* Info.plist */,
			);
			name = "Supporting Files";
			sourceTree = "<group>";
		};
		FD605CF01ADB3E19002E1580 /* SwfitCameraTests */ = {
			isa = PBXGroup;
			children = (
				FD605CF31ADB3E19002E1580 /* SwfitCameraTests.swift */,
				FD605CF11ADB3E19002E1580 /* Supporting Files */,
			);
			path = SwfitCameraTests;
			sourceTree = "<group>";
		};
		FD605CF11ADB3E19002E1580 /* Supporting Files */ = {
			isa = PBXGroup;
			children = (
				FD605CF21ADB3E19002E1580 /* Info.plist */,
			);
			name = "Supporting Files";
			sourceTree = "<group>";
		};
/* End PBXGroup section */

/* Begin PBXNativeTarget section */
		FD605CD41ADB3E19002E1580 /* SwfitCamera */ = {
			isa = PBXNativeTarget;
			buildConfigurationList = FD605CF71ADB3E19002E1580 /* Build configuration list for PBXNativeTarget "SwfitCamera" */;
			buildPhases = (
				FD605CD11ADB3E19002E1580 /* Sources */,
				FD605CD21ADB3E19002E1580 /* Frameworks */,
				FD605CD31ADB3E19002E1580 /* Resources */,
			);
			buildRules = (
			);
			dependencies = (
			);
			name = SwfitCamera;
			productName = SwfitCamera;
			productReference = FD605CD51ADB3E19002E1580 /* SwfitCamera.app */;
			productType = "com.apple.product-type.application";
		};
		FD605CEC1ADB3E19002E1580 /* SwfitCameraTests */ = {
			isa = PBXNativeTarget;
			buildConfigurationList = FD605CFA1ADB3E19002E1580 /* Build configuration list for PBXNativeTarget "SwfitCameraTests" */;
			buildPhases = (
				FD605CE91ADB3E19002E1580 /* Sources */,
				FD605CEA1ADB3E19002E1580 /* Frameworks */,
				FD605CEB1ADB3E19002E1580 /* Resources */,
			);
			buildRules = (
			);
			dependencies = (
				FD605CEF1ADB3E19002E1580 /* PBXTargetDependency */,
			);
			name = SwfitCameraTests;
			productName = SwfitCameraTests;
			productReference = FD605CED1ADB3E19002E1580 /* SwfitCameraTests.xctest */;
			productType = "com.apple.product-type.bundle.unit-test";
		};
/* End PBXNativeTarget section */

/* Begin PBXProject section */
		FD605CCD1ADB3E19002E1580 /* Project object */ = {
			isa = PBXProject;
			attributes = {
				LastUpgradeCheck = 0620;
				ORGANIZATIONNAME = "Tanaka Makoto";
				TargetAttributes = {
					FD605CD41ADB3E19002E1580 = {
						CreatedOnToolsVersion = 6.2;
					};
					FD605CEC1ADB3E19002E1580 = {
						CreatedOnToolsVersion = 6.2;
						TestTargetID = FD605CD41ADB3E19002E1580;
					};
				};
			};
			buildConfigurationList = FD605CD01ADB3E19002E1580 /* Build configuration list for PBXProject "SwfitCamera" */;
			compatibilityVersion = "Xcode 3.2";
			developmentRegion = English;
			hasScannedForEncodings = 0;
			knownRegions = (
				en,
				Base,
			);
			mainGroup = FD605CCC1ADB3E19002E1580;
			productRefGroup = FD605CD61ADB3E19002E1580 /* Products */;
			projectDirPath = "";
			projectRoot = "";
			targets = (
				FD605CD41ADB3E19002E1580 /* SwfitCamera */,
				FD605CEC1ADB3E19002E1580 /* SwfitCameraTests */,
			);
		};
/* End PBXProject section */

/* Begin PBXResourcesBuildPhase section */
		FD605CD31ADB3E19002E1580 /* Resources */ = {
			isa = PBXResourcesBuildPhase;
			buildActionMask = 2147483647;
			files = (
				FD605CE31ADB3E19002E1580 /* Main.storyboard in Resources */,
				FD605CE81ADB3E19002E1580 /* LaunchScreen.xib in Resources */,
				FD605CE51ADB3E19002E1580 /* Images.xcassets in Resources */,
			);
			runOnlyForDeploymentPostprocessing = 0;
		};
		FD605CEB1ADB3E19002E1580 /* Resources */ = {
			isa = PBXResourcesBuildPhase;
			buildActionMask = 2147483647;
			files = (
			);
			runOnlyForDeploymentPostprocessing = 0;
		};
/* End PBXResourcesBuildPhase section */

/* Begin PBXSourcesBuildPhase section */
		FD605CD11ADB3E19002E1580 /* Sources */ = {
			isa = PBXSourcesBuildPhase;
			buildActionMask = 2147483647;
			files = (
				FD605CE01ADB3E19002E1580 /* ViewController.swift in Sources */,
				FD605CDE1ADB3E19002E1580 /* SwfitCamera.xcdatamodeld in Sources */,
				FD605CDB1ADB3E19002E1580 /* AppDelegate.swift in Sources */,
			);
			runOnlyForDeploymentPostprocessing = 0;
		};
		FD605CE91ADB3E19002E1580 /* Sources */ = {
			isa = PBXSourcesBuildPhase;
			buildActionMask = 2147483647;
			files = (
				FD605CF41ADB3E19002E1580 /* SwfitCameraTests.swift in Sources */,
			);
			runOnlyForDeploymentPostprocessing = 0;
		};
/* End PBXSourcesBuildPhase section */

/* Begin PBXTargetDependency section */
		FD605CEF1ADB3E19002E1580 /* PBXTargetDependency */ = {
			isa = PBXTargetDependency;
			target = FD605CD41ADB3E19002E1580 /* SwfitCamera */;
			targetProxy = FD605CEE1ADB3E19002E1580 /* PBXContainerItemProxy */;
		};
/* End PBXTargetDependency section */

/* Begin PBXVariantGroup section */
		FD605CE11ADB3E19002E1580 /* Main.storyboard */ = {
			isa = PBXVariantGroup;
			children = (
				FD605CE21ADB3E19002E1580 /* Base */,
			);
			name = Main.storyboard;
			sourceTree = "<group>";
		};
		FD605CE61ADB3E19002E1580 /* LaunchScreen.xib */ = {
			isa = PBXVariantGroup;
			children = (
				FD605CE71ADB3E19002E1580 /* Base */,
			);
			name = LaunchScreen.xib;
			sourceTree = "<group>";
		};
/* End PBXVariantGroup section */

/* Begin XCBuildConfiguration section */
		FD605CF51ADB3E19002E1580 /* Debug */ = {
			isa = XCBuildConfiguration;
			buildSettings = {
				ALWAYS_SEARCH_USER_PATHS = NO;
				CLANG_CXX_LANGUAGE_STANDARD = "gnu++0x";
				CLANG_CXX_LIBRARY = "libc++";
				CLANG_ENABLE_MODULES = YES;
				CLANG_ENABLE_OBJC_ARC = YES;
				CLANG_WARN_BOOL_CONVERSION = YES;
				CLANG_WARN_CONSTANT_CONVERSION = YES;
				CLANG_WARN_DIRECT_OBJC_ISA_USAGE = YES_ERROR;
				CLANG_WARN_EMPTY_BODY = YES;
				CLANG_WARN_ENUM_CONVERSION = YES;
				CLANG_WARN_INT_CONVERSION = YES;
				CLANG_WARN_OBJC_ROOT_CLASS = YES_ERROR;
				CLANG_WARN_UNREACHABLE_CODE = YES;
				CLANG_WARN__DUPLICATE_METHOD_MATCH = YES;
				"CODE_SIGN_IDENTITY[sdk=iphoneos*]" = "iPhone Developer";
				COPY_PHASE_STRIP = NO;
				ENABLE_STRICT_OBJC_MSGSEND = YES;
				GCC_C_LANGUAGE_STANDARD = gnu99;
				GCC_DYNAMIC_NO_PIC = NO;
				GCC_OPTIMIZATION_LEVEL = 0;
				GCC_PREPROCESSOR_DEFINITIONS = (
					"DEBUG=1",
					"$(inherited)",
				);
				GCC_SYMBOLS_PRIVATE_EXTERN = NO;
				GCC_WARN_64_TO_32_BIT_CONVERSION = YES;
				GCC_WARN_ABOUT_RETURN_TYPE = YES_ERROR;
				GCC_WARN_UNDECLARED_SELECTOR = YES;
				GCC_WARN_UNINITIALIZED_AUTOS = YES_AGGRESSIVE;
				GCC_WARN_UNUSED_FUNCTION = YES;
				GCC_WARN_UNUSED_VARIABLE = YES;
				IPHONEOS_DEPLOYMENT_TARGET = 8.2;
				MTL_ENABLE_DEBUG_INFO = YES;
				ONLY_ACTIVE_ARCH = YES;
				SDKROOT = iphoneos;
				SWIFT_OPTIMIZATION_LEVEL = "-Onone";
				TARGETED_DEVICE_FAMILY = "1,2";
			};
			name = Debug;
		};
		FD605CF61ADB3E19002E1580 /* Release */ = {
			isa = XCBuildConfiguration;
			buildSettings = {
				ALWAYS_SEARCH_USER_PATHS = NO;
				CLANG_CXX_LANGUAGE_STANDARD = "gnu++0x";
				CLANG_CXX_LIBRARY = "libc++";
				CLANG_ENABLE_MODULES = YES;
				CLANG_ENABLE_OBJC_ARC = YES;
				CLANG_WARN_BOOL_CONVERSION = YES;
				CLANG_WARN_CONSTANT_CONVERSION = YES;
				CLANG_WARN_DIRECT_OBJC_ISA_USAGE = YES_ERROR;
				CLANG_WARN_EMPTY_BODY = YES;
				CLANG_WARN_ENUM_CONVERSION = YES;
				CLANG_WARN_INT_CONVERSION = YES;
				CLANG_WARN_OBJC_ROOT_CLASS = YES_ERROR;
				CLANG_WARN_UNREACHABLE_CODE = YES;
				CLANG_WARN__DUPLICATE_METHOD_MATCH = YES;
				"CODE_SIGN_IDENTITY[sdk=iphoneos*]" = "iPhone Developer";
				COPY_PHASE_STRIP = NO;
				ENABLE_NS_ASSERTIONS = NO;
				ENABLE_STRICT_OBJC_MSGSEND = YES;
				GCC_C_LANGUAGE_STANDARD = gnu99;
				GCC_WARN_64_TO_32_BIT_CONVERSION = YES;
				GCC_WARN_ABOUT_RETURN_TYPE = YES_ERROR;
				GCC_WARN_UNDECLARED_SELECTOR = YES;
				GCC_WARN_UNINITIALIZED_AUTOS = YES_AGGRESSIVE;
				GCC_WARN_UNUSED_FUNCTION = YES;
				GCC_WARN_UNUSED_VARIABLE = YES;
				IPHONEOS_DEPLOYMENT_TARGET = 8.2;
				MTL_ENABLE_DEBUG_INFO = NO;
				SDKROOT = iphoneos;
				TARGETED_DEVICE_FAMILY = "1,2";
				VALIDATE_PRODUCT = YES;
			};
			name = Release;
		};
		FD605CF81ADB3E19002E1580 /* Debug */ = {
			isa = XCBuildConfiguration;
			buildSettings = {
				ASSETCATALOG_COMPILER_APPICON_NAME = AppIcon;
				INFOPLIST_FILE = SwfitCamera/Info.plist;
				LD_RUNPATH_SEARCH_PATHS = "$(inherited) @executable_path/Frameworks";
				PRODUCT_NAME = "$(TARGET_NAME)";
			};
			name = Debug;
		};
		FD605CF91ADB3E19002E1580 /* Release */ = {
			isa = XCBuildConfiguration;
			buildSettings = {
				ASSETCATALOG_COMPILER_APPICON_NAME = AppIcon;
				INFOPLIST_FILE = SwfitCamera/Info.plist;
				LD_RUNPATH_SEARCH_PATHS = "$(inherited) @executable_path/Frameworks";
				PRODUCT_NAME = "$(TARGET_NAME)";
			};
			name = Release;
		};
		FD605CFB1ADB3E19002E1580 /* Debug */ = {
			isa = XCBuildConfiguration;
			buildSettings = {
				BUNDLE_LOADER = "$(TEST_HOST)";
				FRAMEWORK_SEARCH_PATHS = (
					"$(SDKROOT)/Developer/Library/Frameworks",
					"$(inherited)",
				);
				GCC_PREPROCESSOR_DEFINITIONS = (
					"DEBUG=1",
					"$(inherited)",
				);
				INFOPLIST_FILE = SwfitCameraTests/Info.plist;
				LD_RUNPATH_SEARCH_PATHS = "$(inherited) @executable_path/Frameworks @loader_path/Frameworks";
				PRODUCT_NAME = "$(TARGET_NAME)";
				TEST_HOST = "$(BUILT_PRODUCTS_DIR)/SwfitCamera.app/SwfitCamera";
			};
			name = Debug;
		};
		FD605CFC1ADB3E19002E1580 /* Release */ = {
			isa = XCBuildConfiguration;
			buildSettings = {
				BUNDLE_LOADER = "$(TEST_HOST)";
				FRAMEWORK_SEARCH_PATHS = (
					"$(SDKROOT)/Developer/Library/Frameworks",
					"$(inherited)",
				);
				INFOPLIST_FILE = SwfitCameraTests/Info.plist;
				LD_RUNPATH_SEARCH_PATHS = "$(inherited) @executable_path/Frameworks @loader_path/Frameworks";
				PRODUCT_NAME = "$(TARGET_NAME)";
				TEST_HOST = "$(BUILT_PRODUCTS_DIR)/SwfitCamera.app/SwfitCamera";
			};
			name = Release;
		};
/* End XCBuildConfiguration section */

/* Begin XCConfigurationList section */
		FD605CD01ADB3E19002E1580 /* Build configuration list for PBXProject "SwfitCamera" */ = {
			isa = XCConfigurationList;
			buildConfigurations = (
				FD605CF51ADB3E19002E1580 /* Debug */,
				FD605CF61ADB3E19002E1580 /* Release */,
			);
			defaultConfigurationIsVisible = 0;
			defaultConfigurationName = Release;
		};
		FD605CF71ADB3E19002E1580 /* Build configuration list for PBXNativeTarget "SwfitCamera" */ = {
			isa = XCConfigurationList;
			buildConfigurations = (
				FD605CF81ADB3E19002E1580 /* Debug */,
				FD605CF91ADB3E19002E1580 /* Release */,
			);
			defaultConfigurationIsVisible = 0;
		};
		FD605CFA1ADB3E19002E1580 /* Build configuration list for PBXNativeTarget "SwfitCameraTests" */ = {
			isa = XCConfigurationList;
			buildConfigurations = (
				FD605CFB1ADB3E19002E1580 /* Debug */,
				FD605CFC1ADB3E19002E1580 /* Release */,
			);
			defaultConfigurationIsVisible = 0;
		};
/* End XCConfigurationList section */

/* Begin XCVersionGroup section */
		FD605CDC1ADB3E19002E1580 /* SwfitCamera.xcdatamodeld */ = {
			isa = XCVersionGroup;
			children = (
				FD605CDD1ADB3E19002E1580 /* SwfitCamera.xcdatamodel */,
			);
			currentVersion = FD605CDD1ADB3E19002E1580 /* SwfitCamera.xcdatamodel */;
			path = SwfitCamera.xcdatamodeld;
			sourceTree = "<group>";
			versionGroupType = wrapper.xcdatamodel;
		};
/* End XCVersionGroup section */
	};
	rootObject = FD605CCD1ADB3E19002E1580 /* Project object */;
}
