// !$*UTF8*$!
{
	archiveVersion = 1;
	classes = {
	};
	objectVersion = 46;
	objects = {

/* Begin PBXBuildFile section */
		FD5511921AD6236E00246C6C /* AppDelegate.swift in Sources */ = {isa = PBXBuildFile; fileRef = FD5511911AD6236E00246C6C /* AppDelegate.swift */; };
		FD5511951AD6236E00246C6C /* swiftCoredata.xcdatamodeld in Sources */ = {isa = PBXBuildFile; fileRef = FD5511931AD6236E00246C6C /* swiftCoredata.xcdatamodeld */; };
		FD5511971AD6236E00246C6C /* ViewController.swift in Sources */ = {isa = PBXBuildFile; fileRef = FD5511961AD6236E00246C6C /* ViewController.swift */; };
		FD55119A1AD6236E00246C6C /* Main.storyboard in Resources */ = {isa = PBXBuildFile; fileRef = FD5511981AD6236E00246C6C /* Main.storyboard */; };
		FD55119C1AD6236E00246C6C /* Images.xcassets in Resources */ = {isa = PBXBuildFile; fileRef = FD55119B1AD6236E00246C6C /* Images.xcassets */; };
		FD55119F1AD6236E00246C6C /* LaunchScreen.xib in Resources */ = {isa = PBXBuildFile; fileRef = FD55119D1AD6236E00246C6C /* LaunchScreen.xib */; };
		FD5511AB1AD6236E00246C6C /* swiftCoredataTests.swift in Sources */ = {isa = PBXBuildFile; fileRef = FD5511AA1AD6236E00246C6C /* swiftCoredataTests.swift */; };
/* End PBXBuildFile section */

/* Begin PBXContainerItemProxy section */
		FD5511A51AD6236E00246C6C /* PBXContainerItemProxy */ = {
			isa = PBXContainerItemProxy;
			containerPortal = FD5511841AD6236E00246C6C /* Project object */;
			proxyType = 1;
			remoteGlobalIDString = FD55118B1AD6236E00246C6C;
			remoteInfo = swiftCoredata;
		};
/* End PBXContainerItemProxy section */

/* Begin PBXFileReference section */
		FD55118C1AD6236E00246C6C /* swiftCoredata.app */ = {isa = PBXFileReference; explicitFileType = wrapper.application; includeInIndex = 0; path = swiftCoredata.app; sourceTree = BUILT_PRODUCTS_DIR; };
		FD5511901AD6236E00246C6C /* Info.plist */ = {isa = PBXFileReference; lastKnownFileType = text.plist.xml; path = Info.plist; sourceTree = "<group>"; };
		FD5511911AD6236E00246C6C /* AppDelegate.swift */ = {isa = PBXFileReference; lastKnownFileType = sourcecode.swift; path = AppDelegate.swift; sourceTree = "<group>"; };
		FD5511941AD6236E00246C6C /* swiftCoredata.xcdatamodel */ = {isa = PBXFileReference; lastKnownFileType = wrapper.xcdatamodel; path = swiftCoredata.xcdatamodel; sourceTree = "<group>"; };
		FD5511961AD6236E00246C6C /* ViewController.swift */ = {isa = PBXFileReference; lastKnownFileType = sourcecode.swift; path = ViewController.swift; sourceTree = "<group>"; };
		FD5511991AD6236E00246C6C /* Base */ = {isa = PBXFileReference; lastKnownFileType = file.storyboard; name = Base; path = Base.lproj/Main.storyboard; sourceTree = "<group>"; };
		FD55119B1AD6236E00246C6C /* Images.xcassets */ = {isa = PBXFileReference; lastKnownFileType = folder.assetcatalog; path = Images.xcassets; sourceTree = "<group>"; };
		FD55119E1AD6236E00246C6C /* Base */ = {isa = PBXFileReference; lastKnownFileType = file.xib; name = Base; path = Base.lproj/LaunchScreen.xib; sourceTree = "<group>"; };
		FD5511A41AD6236E00246C6C /* swiftCoredataTests.xctest */ = {isa = PBXFileReference; explicitFileType = wrapper.cfbundle; includeInIndex = 0; path = swiftCoredataTests.xctest; sourceTree = BUILT_PRODUCTS_DIR; };
		FD5511A91AD6236E00246C6C /* Info.plist */ = {isa = PBXFileReference; lastKnownFileType = text.plist.xml; path = Info.plist; sourceTree = "<group>"; };
		FD5511AA1AD6236E00246C6C /* swiftCoredataTests.swift */ = {isa = PBXFileReference; lastKnownFileType = sourcecode.swift; path = swiftCoredataTests.swift; sourceTree = "<group>"; };
/* End PBXFileReference section */

/* Begin PBXFrameworksBuildPhase section */
		FD5511891AD6236E00246C6C /* Frameworks */ = {
			isa = PBXFrameworksBuildPhase;
			buildActionMask = 2147483647;
			files = (
			);
			runOnlyForDeploymentPostprocessing = 0;
		};
		FD5511A11AD6236E00246C6C /* Frameworks */ = {
			isa = PBXFrameworksBuildPhase;
			buildActionMask = 2147483647;
			files = (
			);
			runOnlyForDeploymentPostprocessing = 0;
		};
/* End PBXFrameworksBuildPhase section */

/* Begin PBXGroup section */
		FD5511831AD6236E00246C6C = {
			isa = PBXGroup;
			children = (
				FD55118E1AD6236E00246C6C /* swiftCoredata */,
				FD5511A71AD6236E00246C6C /* swiftCoredataTests */,
				FD55118D1AD6236E00246C6C /* Products */,
			);
			sourceTree = "<group>";
		};
		FD55118D1AD6236E00246C6C /* Products */ = {
			isa = PBXGroup;
			children = (
				FD55118C1AD6236E00246C6C /* swiftCoredata.app */,
				FD5511A41AD6236E00246C6C /* swiftCoredataTests.xctest */,
			);
			name = Products;
			sourceTree = "<group>";
		};
		FD55118E1AD6236E00246C6C /* swiftCoredata */ = {
			isa = PBXGroup;
			children = (
				FD5511911AD6236E00246C6C /* AppDelegate.swift */,
				FD5511961AD6236E00246C6C /* ViewController.swift */,
				FD5511981AD6236E00246C6C /* Main.storyboard */,
				FD55119B1AD6236E00246C6C /* Images.xcassets */,
				FD55119D1AD6236E00246C6C /* LaunchScreen.xib */,
				FD5511931AD6236E00246C6C /* swiftCoredata.xcdatamodeld */,
				FD55118F1AD6236E00246C6C /* Supporting Files */,
			);
			path = swiftCoredata;
			sourceTree = "<group>";
		};
		FD55118F1AD6236E00246C6C /* Supporting Files */ = {
			isa = PBXGroup;
			children = (
				FD5511901AD6236E00246C6C /* Info.plist */,
			);
			name = "Supporting Files";
			sourceTree = "<group>";
		};
		FD5511A71AD6236E00246C6C /* swiftCoredataTests */ = {
			isa = PBXGroup;
			children = (
				FD5511AA1AD6236E00246C6C /* swiftCoredataTests.swift */,
				FD5511A81AD6236E00246C6C /* Supporting Files */,
			);
			path = swiftCoredataTests;
			sourceTree = "<group>";
		};
		FD5511A81AD6236E00246C6C /* Supporting Files */ = {
			isa = PBXGroup;
			children = (
				FD5511A91AD6236E00246C6C /* Info.plist */,
			);
			name = "Supporting Files";
			sourceTree = "<group>";
		};
/* End PBXGroup section */

/* Begin PBXNativeTarget section */
		FD55118B1AD6236E00246C6C /* swiftCoredata */ = {
			isa = PBXNativeTarget;
			buildConfigurationList = FD5511AE1AD6236E00246C6C /* Build configuration list for PBXNativeTarget "swiftCoredata" */;
			buildPhases = (
				FD5511881AD6236E00246C6C /* Sources */,
				FD5511891AD6236E00246C6C /* Frameworks */,
				FD55118A1AD6236E00246C6C /* Resources */,
			);
			buildRules = (
			);
			dependencies = (
			);
			name = swiftCoredata;
			productName = swiftCoredata;
			productReference = FD55118C1AD6236E00246C6C /* swiftCoredata.app */;
			productType = "com.apple.product-type.application";
		};
		FD5511A31AD6236E00246C6C /* swiftCoredataTests */ = {
			isa = PBXNativeTarget;
			buildConfigurationList = FD5511B11AD6236E00246C6C /* Build configuration list for PBXNativeTarget "swiftCoredataTests" */;
			buildPhases = (
				FD5511A01AD6236E00246C6C /* Sources */,
				FD5511A11AD6236E00246C6C /* Frameworks */,
				FD5511A21AD6236E00246C6C /* Resources */,
			);
			buildRules = (
			);
			dependencies = (
				FD5511A61AD6236E00246C6C /* PBXTargetDependency */,
			);
			name = swiftCoredataTests;
			productName = swiftCoredataTests;
			productReference = FD5511A41AD6236E00246C6C /* swiftCoredataTests.xctest */;
			productType = "com.apple.product-type.bundle.unit-test";
		};
/* End PBXNativeTarget section */

/* Begin PBXProject section */
		FD5511841AD6236E00246C6C /* Project object */ = {
			isa = PBXProject;
			attributes = {
				LastUpgradeCheck = 0620;
				ORGANIZATIONNAME = "Tanaka Makoto";
				TargetAttributes = {
					FD55118B1AD6236E00246C6C = {
						CreatedOnToolsVersion = 6.2;
					};
					FD5511A31AD6236E00246C6C = {
						CreatedOnToolsVersion = 6.2;
						TestTargetID = FD55118B1AD6236E00246C6C;
					};
				};
			};
			buildConfigurationList = FD5511871AD6236E00246C6C /* Build configuration list for PBXProject "swiftCoredata" */;
			compatibilityVersion = "Xcode 3.2";
			developmentRegion = English;
			hasScannedForEncodings = 0;
			knownRegions = (
				en,
				Base,
			);
			mainGroup = FD5511831AD6236E00246C6C;
			productRefGroup = FD55118D1AD6236E00246C6C /* Products */;
			projectDirPath = "";
			projectRoot = "";
			targets = (
				FD55118B1AD6236E00246C6C /* swiftCoredata */,
				FD5511A31AD6236E00246C6C /* swiftCoredataTests */,
			);
		};
/* End PBXProject section */

/* Begin PBXResourcesBuildPhase section */
		FD55118A1AD6236E00246C6C /* Resources */ = {
			isa = PBXResourcesBuildPhase;
			buildActionMask = 2147483647;
			files = (
				FD55119A1AD6236E00246C6C /* Main.storyboard in Resources */,
				FD55119F1AD6236E00246C6C /* LaunchScreen.xib in Resources */,
				FD55119C1AD6236E00246C6C /* Images.xcassets in Resources */,
			);
			runOnlyForDeploymentPostprocessing = 0;
		};
		FD5511A21AD6236E00246C6C /* Resources */ = {
			isa = PBXResourcesBuildPhase;
			buildActionMask = 2147483647;
			files = (
			);
			runOnlyForDeploymentPostprocessing = 0;
		};
/* End PBXResourcesBuildPhase section */

/* Begin PBXSourcesBuildPhase section */
		FD5511881AD6236E00246C6C /* Sources */ = {
			isa = PBXSourcesBuildPhase;
			buildActionMask = 2147483647;
			files = (
				FD5511971AD6236E00246C6C /* ViewController.swift in Sources */,
				FD5511951AD6236E00246C6C /* swiftCoredata.xcdatamodeld in Sources */,
				FD5511921AD6236E00246C6C /* AppDelegate.swift in Sources */,
			);
			runOnlyForDeploymentPostprocessing = 0;
		};
		FD5511A01AD6236E00246C6C /* Sources */ = {
			isa = PBXSourcesBuildPhase;
			buildActionMask = 2147483647;
			files = (
				FD5511AB1AD6236E00246C6C /* swiftCoredataTests.swift in Sources */,
			);
			runOnlyForDeploymentPostprocessing = 0;
		};
/* End PBXSourcesBuildPhase section */

/* Begin PBXTargetDependency section */
		FD5511A61AD6236E00246C6C /* PBXTargetDependency */ = {
			isa = PBXTargetDependency;
			target = FD55118B1AD6236E00246C6C /* swiftCoredata */;
			targetProxy = FD5511A51AD6236E00246C6C /* PBXContainerItemProxy */;
		};
/* End PBXTargetDependency section */

/* Begin PBXVariantGroup section */
		FD5511981AD6236E00246C6C /* Main.storyboard */ = {
			isa = PBXVariantGroup;
			children = (
				FD5511991AD6236E00246C6C /* Base */,
			);
			name = Main.storyboard;
			sourceTree = "<group>";
		};
		FD55119D1AD6236E00246C6C /* LaunchScreen.xib */ = {
			isa = PBXVariantGroup;
			children = (
				FD55119E1AD6236E00246C6C /* Base */,
			);
			name = LaunchScreen.xib;
			sourceTree = "<group>";
		};
/* End PBXVariantGroup section */

/* Begin XCBuildConfiguration section */
		FD5511AC1AD6236E00246C6C /* Debug */ = {
			isa = XCBuildConfiguration;
			buildSettings = {
				ALWAYS_SEARCH_USER_PATHS = NO;
				CLANG_CXX_LANGUAGE_STANDARD = "gnu++0x";
				CLANG_CXX_LIBRARY = "libc++";
				CLANG_ENABLE_MODULES = YES;
				CLANG_ENABLE_OBJC_ARC = YES;
				CLANG_WARN_BOOL_CONVERSION = YES;
				CLANG_WARN_CONSTANT_CONVERSION = YES;
				CLANG_WARN_DIRECT_OBJC_ISA_USAGE = YES_ERROR;
				CLANG_WARN_EMPTY_BODY = YES;
				CLANG_WARN_ENUM_CONVERSION = YES;
				CLANG_WARN_INT_CONVERSION = YES;
				CLANG_WARN_OBJC_ROOT_CLASS = YES_ERROR;
				CLANG_WARN_UNREACHABLE_CODE = YES;
				CLANG_WARN__DUPLICATE_METHOD_MATCH = YES;
				"CODE_SIGN_IDENTITY[sdk=iphoneos*]" = "iPhone Developer";
				COPY_PHASE_STRIP = NO;
				ENABLE_STRICT_OBJC_MSGSEND = YES;
				GCC_C_LANGUAGE_STANDARD = gnu99;
				GCC_DYNAMIC_NO_PIC = NO;
				GCC_OPTIMIZATION_LEVEL = 0;
				GCC_PREPROCESSOR_DEFINITIONS = (
					"DEBUG=1",
					"$(inherited)",
				);
				GCC_SYMBOLS_PRIVATE_EXTERN = NO;
				GCC_WARN_64_TO_32_BIT_CONVERSION = YES;
				GCC_WARN_ABOUT_RETURN_TYPE = YES_ERROR;
				GCC_WARN_UNDECLARED_SELECTOR = YES;
				GCC_WARN_UNINITIALIZED_AUTOS = YES_AGGRESSIVE;
				GCC_WARN_UNUSED_FUNCTION = YES;
				GCC_WARN_UNUSED_VARIABLE = YES;
				IPHONEOS_DEPLOYMENT_TARGET = 8.2;
				MTL_ENABLE_DEBUG_INFO = YES;
				ONLY_ACTIVE_ARCH = YES;
				SDKROOT = iphoneos;
				SWIFT_OPTIMIZATION_LEVEL = "-Onone";
				TARGETED_DEVICE_FAMILY = "1,2";
			};
			name = Debug;
		};
		FD5511AD1AD6236E00246C6C /* Release */ = {
			isa = XCBuildConfiguration;
			buildSettings = {
				ALWAYS_SEARCH_USER_PATHS = NO;
				CLANG_CXX_LANGUAGE_STANDARD = "gnu++0x";
				CLANG_CXX_LIBRARY = "libc++";
				CLANG_ENABLE_MODULES = YES;
				CLANG_ENABLE_OBJC_ARC = YES;
				CLANG_WARN_BOOL_CONVERSION = YES;
				CLANG_WARN_CONSTANT_CONVERSION = YES;
				CLANG_WARN_DIRECT_OBJC_ISA_USAGE = YES_ERROR;
				CLANG_WARN_EMPTY_BODY = YES;
				CLANG_WARN_ENUM_CONVERSION = YES;
				CLANG_WARN_INT_CONVERSION = YES;
				CLANG_WARN_OBJC_ROOT_CLASS = YES_ERROR;
				CLANG_WARN_UNREACHABLE_CODE = YES;
				CLANG_WARN__DUPLICATE_METHOD_MATCH = YES;
				"CODE_SIGN_IDENTITY[sdk=iphoneos*]" = "iPhone Developer";
				COPY_PHASE_STRIP = NO;
				ENABLE_NS_ASSERTIONS = NO;
				ENABLE_STRICT_OBJC_MSGSEND = YES;
				GCC_C_LANGUAGE_STANDARD = gnu99;
				GCC_WARN_64_TO_32_BIT_CONVERSION = YES;
				GCC_WARN_ABOUT_RETURN_TYPE = YES_ERROR;
				GCC_WARN_UNDECLARED_SELECTOR = YES;
				GCC_WARN_UNINITIALIZED_AUTOS = YES_AGGRESSIVE;
				GCC_WARN_UNUSED_FUNCTION = YES;
				GCC_WARN_UNUSED_VARIABLE = YES;
				IPHONEOS_DEPLOYMENT_TARGET = 8.2;
				MTL_ENABLE_DEBUG_INFO = NO;
				SDKROOT = iphoneos;
				TARGETED_DEVICE_FAMILY = "1,2";
				VALIDATE_PRODUCT = YES;
			};
			name = Release;
		};
		FD5511AF1AD6236E00246C6C /* Debug */ = {
			isa = XCBuildConfiguration;
			buildSettings = {
				ASSETCATALOG_COMPILER_APPICON_NAME = AppIcon;
				INFOPLIST_FILE = swiftCoredata/Info.plist;
				LD_RUNPATH_SEARCH_PATHS = "$(inherited) @executable_path/Frameworks";
				PRODUCT_NAME = "$(TARGET_NAME)";
			};
			name = Debug;
		};
		FD5511B01AD6236E00246C6C /* Release */ = {
			isa = XCBuildConfiguration;
			buildSettings = {
				ASSETCATALOG_COMPILER_APPICON_NAME = AppIcon;
				INFOPLIST_FILE = swiftCoredata/Info.plist;
				LD_RUNPATH_SEARCH_PATHS = "$(inherited) @executable_path/Frameworks";
				PRODUCT_NAME = "$(TARGET_NAME)";
			};
			name = Release;
		};
		FD5511B21AD6236E00246C6C /* Debug */ = {
			isa = XCBuildConfiguration;
			buildSettings = {
				BUNDLE_LOADER = "$(TEST_HOST)";
				FRAMEWORK_SEARCH_PATHS = (
					"$(SDKROOT)/Developer/Library/Frameworks",
					"$(inherited)",
				);
				GCC_PREPROCESSOR_DEFINITIONS = (
					"DEBUG=1",
					"$(inherited)",
				);
				INFOPLIST_FILE = swiftCoredataTests/Info.plist;
				LD_RUNPATH_SEARCH_PATHS = "$(inherited) @executable_path/Frameworks @loader_path/Frameworks";
				PRODUCT_NAME = "$(TARGET_NAME)";
				TEST_HOST = "$(BUILT_PRODUCTS_DIR)/swiftCoredata.app/swiftCoredata";
			};
			name = Debug;
		};
		FD5511B31AD6236E00246C6C /* Release */ = {
			isa = XCBuildConfiguration;
			buildSettings = {
				BUNDLE_LOADER = "$(TEST_HOST)";
				FRAMEWORK_SEARCH_PATHS = (
					"$(SDKROOT)/Developer/Library/Frameworks",
					"$(inherited)",
				);
				INFOPLIST_FILE = swiftCoredataTests/Info.plist;
				LD_RUNPATH_SEARCH_PATHS = "$(inherited) @executable_path/Frameworks @loader_path/Frameworks";
				PRODUCT_NAME = "$(TARGET_NAME)";
				TEST_HOST = "$(BUILT_PRODUCTS_DIR)/swiftCoredata.app/swiftCoredata";
			};
			name = Release;
		};
/* End XCBuildConfiguration section */

/* Begin XCConfigurationList section */
		FD5511871AD6236E00246C6C /* Build configuration list for PBXProject "swiftCoredata" */ = {
			isa = XCConfigurationList;
			buildConfigurations = (
				FD5511AC1AD6236E00246C6C /* Debug */,
				FD5511AD1AD6236E00246C6C /* Release */,
			);
			defaultConfigurationIsVisible = 0;
			defaultConfigurationName = Release;
		};
		FD5511AE1AD6236E00246C6C /* Build configuration list for PBXNativeTarget "swiftCoredata" */ = {
			isa = XCConfigurationList;
			buildConfigurations = (
				FD5511AF1AD6236E00246C6C /* Debug */,
				FD5511B01AD6236E00246C6C /* Release */,
			);
			defaultConfigurationIsVisible = 0;
		};
		FD5511B11AD6236E00246C6C /* Build configuration list for PBXNativeTarget "swiftCoredataTests" */ = {
			isa = XCConfigurationList;
			buildConfigurations = (
				FD5511B21AD6236E00246C6C /* Debug */,
				FD5511B31AD6236E00246C6C /* Release */,
			);
			defaultConfigurationIsVisible = 0;
		};
/* End XCConfigurationList section */

/* Begin XCVersionGroup section */
		FD5511931AD6236E00246C6C /* swiftCoredata.xcdatamodeld */ = {
			isa = XCVersionGroup;
			children = (
				FD5511941AD6236E00246C6C /* swiftCoredata.xcdatamodel */,
			);
			currentVersion = FD5511941AD6236E00246C6C /* swiftCoredata.xcdatamodel */;
			path = swiftCoredata.xcdatamodeld;
			sourceTree = "<group>";
			versionGroupType = wrapper.xcdatamodel;
		};
/* End XCVersionGroup section */
	};
	rootObject = FD5511841AD6236E00246C6C /* Project object */;
}
